// !$*UTF8*$!
{
	archiveVersion = 1;
	classes = {
	};
	objectVersion = 46;
	objects = {

/* Begin PBXBuildFile section */
		E11965491507B2F200AE32E0 /* RootView.m in Sources */ = {isa = PBXBuildFile; fileRef = E11965481507B2F200AE32E0 /* RootView.m */; };
		E149830B15343BCB00734341 /* WTDockButton.m in Sources */ = {isa = PBXBuildFile; fileRef = E149830A15343BCA00734341 /* WTDockButton.m */; };
		E149830E15343D4A00734341 /* dock_btn_collect@2x.png in Resources */ = {isa = PBXBuildFile; fileRef = E149830D15343D4A00734341 /* dock_btn_collect@2x.png */; };
		E14983101534497300734341 /* dock_btn_mail@2x.png in Resources */ = {isa = PBXBuildFile; fileRef = E149830F1534497300734341 /* dock_btn_mail@2x.png */; };
		E14983141534647D00734341 /* dock_btn_mail_hl@2x.png in Resources */ = {isa = PBXBuildFile; fileRef = E14983131534647D00734341 /* dock_btn_mail_hl@2x.png */; };
		E1498316153467CC00734341 /* dock_btn_collect_hl@2x.png in Resources */ = {isa = PBXBuildFile; fileRef = E1498315153467CC00734341 /* dock_btn_collect_hl@2x.png */; };
		E191772D15078188009FB941 /* UserInfoViewController.m in Sources */ = {isa = PBXBuildFile; fileRef = E191772B15078188009FB941 /* UserInfoViewController.m */; };
		E191772E15078188009FB941 /* UserInfoViewController.xib in Resources */ = {isa = PBXBuildFile; fileRef = E191772C15078188009FB941 /* UserInfoViewController.xib */; };
		E1917731150783C4009FB941 /* user_info_default_image.png in Resources */ = {isa = PBXBuildFile; fileRef = E1917730150783C4009FB941 /* user_info_default_image.png */; };
		E1917734150785ED009FB941 /* MainWindow.xib in Resources */ = {isa = PBXBuildFile; fileRef = E1917733150785ED009FB941 /* MainWindow.xib */; };
		E191773615078609009FB941 /* RootViewController.xib in Resources */ = {isa = PBXBuildFile; fileRef = E191773515078609009FB941 /* RootViewController.xib */; };
		E1AE088715318270006964B8 /* ScheduleViewController.m in Sources */ = {isa = PBXBuildFile; fileRef = E1AE08851531826F006964B8 /* ScheduleViewController.m */; };
		E1AE088815318270006964B8 /* ScheduleViewController.xib in Resources */ = {isa = PBXBuildFile; fileRef = E1AE08861531826F006964B8 /* ScheduleViewController.xib */; };
		E1B0BC421507D27B0085D9AB /* Icon.png in Resources */ = {isa = PBXBuildFile; fileRef = E1B0BC411507D27B0085D9AB /* Icon.png */; };
		E1B0BC451507D27D0085D9AB /* Icon@2x.png in Resources */ = {isa = PBXBuildFile; fileRef = E1B0BC441507D27D0085D9AB /* Icon@2x.png */; };
		E1C8774E1505F41700592954 /* UIKit.framework in Frameworks */ = {isa = PBXBuildFile; fileRef = E1C8774D1505F41700592954 /* UIKit.framework */; };
		E1C877501505F41700592954 /* Foundation.framework in Frameworks */ = {isa = PBXBuildFile; fileRef = E1C8774F1505F41700592954 /* Foundation.framework */; };
		E1C877521505F41700592954 /* CoreGraphics.framework in Frameworks */ = {isa = PBXBuildFile; fileRef = E1C877511505F41700592954 /* CoreGraphics.framework */; };
		E1C877541505F41700592954 /* CoreData.framework in Frameworks */ = {isa = PBXBuildFile; fileRef = E1C877531505F41700592954 /* CoreData.framework */; };
		E1C8775A1505F41700592954 /* InfoPlist.strings in Resources */ = {isa = PBXBuildFile; fileRef = E1C877581505F41700592954 /* InfoPlist.strings */; };
		E1C8775C1505F41700592954 /* main.m in Sources */ = {isa = PBXBuildFile; fileRef = E1C8775B1505F41700592954 /* main.m */; };
		E1C877601505F41700592954 /* AppDelegate.m in Sources */ = {isa = PBXBuildFile; fileRef = E1C8775F1505F41700592954 /* AppDelegate.m */; };
		E1C877631505F41700592954 /* WeTongji.xcdatamodeld in Sources */ = {isa = PBXBuildFile; fileRef = E1C877611505F41700592954 /* WeTongji.xcdatamodeld */; };
		E1C877A51505FB4800592954 /* RootViewController.m in Sources */ = {isa = PBXBuildFile; fileRef = E1C877A41505FB4800592954 /* RootViewController.m */; };
		E1C877B515063FCD00592954 /* MetroViewController.m in Sources */ = {isa = PBXBuildFile; fileRef = E1C877B415063FCD00592954 /* MetroViewController.m */; };
		E1C877BD15064B4900592954 /* MetroViewController.xib in Resources */ = {isa = PBXBuildFile; fileRef = E1C877BC15064B4900592954 /* MetroViewController.xib */; };
		E1C877C215064B6300592954 /* main_bg.png in Resources */ = {isa = PBXBuildFile; fileRef = E1C877BF15064B6300592954 /* main_bg.png */; };
		E1C877C315064B6300592954 /* main_bg_2.png in Resources */ = {isa = PBXBuildFile; fileRef = E1C877C015064B6300592954 /* main_bg_2.png */; };
		E1C877C415064B6300592954 /* main_bg_3.png in Resources */ = {isa = PBXBuildFile; fileRef = E1C877C115064B6300592954 /* main_bg_3.png */; };
		E1C877C715064BA500592954 /* Default.png in Resources */ = {isa = PBXBuildFile; fileRef = E1C877C515064BA500592954 /* Default.png */; };
		E1C877C815064BA500592954 /* Default@2x.png in Resources */ = {isa = PBXBuildFile; fileRef = E1C877C615064BA500592954 /* Default@2x.png */; };
		E1DEA597150E262D003F51B5 /* dock_bg@2x.png in Resources */ = {isa = PBXBuildFile; fileRef = E1DEA595150E262D003F51B5 /* dock_bg@2x.png */; };
		E1DEA598150E262D003F51B5 /* dock_btn_cover@2x.png in Resources */ = {isa = PBXBuildFile; fileRef = E1DEA596150E262D003F51B5 /* dock_btn_cover@2x.png */; };
/* End PBXBuildFile section */

/* Begin PBXFileReference section */
		E11965471507B2F200AE32E0 /* RootView.h */ = {isa = PBXFileReference; fileEncoding = 4; lastKnownFileType = sourcecode.c.h; name = RootView.h; path = Classes/RootView.h; sourceTree = "<group>"; };
		E11965481507B2F200AE32E0 /* RootView.m */ = {isa = PBXFileReference; fileEncoding = 4; lastKnownFileType = sourcecode.c.objc; name = RootView.m; path = Classes/RootView.m; sourceTree = "<group>"; };
		E149830915343BCA00734341 /* WTDockButton.h */ = {isa = PBXFileReference; fileEncoding = 4; lastKnownFileType = sourcecode.c.h; name = WTDockButton.h; path = Classes/WTDockButton.h; sourceTree = "<group>"; };
		E149830A15343BCA00734341 /* WTDockButton.m */ = {isa = PBXFileReference; fileEncoding = 4; lastKnownFileType = sourcecode.c.objc; name = WTDockButton.m; path = Classes/WTDockButton.m; sourceTree = "<group>"; };
		E149830D15343D4A00734341 /* dock_btn_collect@2x.png */ = {isa = PBXFileReference; lastKnownFileType = image.png; path = "dock_btn_collect@2x.png"; sourceTree = "<group>"; };
		E149830F1534497300734341 /* dock_btn_mail@2x.png */ = {isa = PBXFileReference; lastKnownFileType = image.png; path = "dock_btn_mail@2x.png"; sourceTree = "<group>"; };
		E14983131534647D00734341 /* dock_btn_mail_hl@2x.png */ = {isa = PBXFileReference; lastKnownFileType = image.png; path = "dock_btn_mail_hl@2x.png"; sourceTree = "<group>"; };
		E1498315153467CC00734341 /* dock_btn_collect_hl@2x.png */ = {isa = PBXFileReference; lastKnownFileType = image.png; path = "dock_btn_collect_hl@2x.png"; sourceTree = "<group>"; };
		E191772A15078188009FB941 /* UserInfoViewController.h */ = {isa = PBXFileReference; fileEncoding = 4; lastKnownFileType = sourcecode.c.h; name = UserInfoViewController.h; path = Classes/UserInfoViewController.h; sourceTree = "<group>"; };
		E191772B15078188009FB941 /* UserInfoViewController.m */ = {isa = PBXFileReference; fileEncoding = 4; lastKnownFileType = sourcecode.c.objc; name = UserInfoViewController.m; path = Classes/UserInfoViewController.m; sourceTree = "<group>"; };
		E191772C15078188009FB941 /* UserInfoViewController.xib */ = {isa = PBXFileReference; fileEncoding = 4; lastKnownFileType = file.xib; name = UserInfoViewController.xib; path = Classes/UserInfoViewController.xib; sourceTree = "<group>"; };
		E1917730150783C4009FB941 /* user_info_default_image.png */ = {isa = PBXFileReference; lastKnownFileType = image.png; path = user_info_default_image.png; sourceTree = "<group>"; };
		E1917733150785ED009FB941 /* MainWindow.xib */ = {isa = PBXFileReference; fileEncoding = 4; lastKnownFileType = file.xib; path = MainWindow.xib; sourceTree = "<group>"; };
		E191773515078609009FB941 /* RootViewController.xib */ = {isa = PBXFileReference; fileEncoding = 4; lastKnownFileType = file.xib; path = RootViewController.xib; sourceTree = "<group>"; };
		E1AE08841531826F006964B8 /* ScheduleViewController.h */ = {isa = PBXFileReference; fileEncoding = 4; lastKnownFileType = sourcecode.c.h; name = ScheduleViewController.h; path = Classes/ScheduleViewController.h; sourceTree = "<group>"; };
		E1AE08851531826F006964B8 /* ScheduleViewController.m */ = {isa = PBXFileReference; fileEncoding = 4; lastKnownFileType = sourcecode.c.objc; name = ScheduleViewController.m; path = Classes/ScheduleViewController.m; sourceTree = "<group>"; };
		E1AE08861531826F006964B8 /* ScheduleViewController.xib */ = {isa = PBXFileReference; fileEncoding = 4; lastKnownFileType = file.xib; name = ScheduleViewController.xib; path = Classes/ScheduleViewController.xib; sourceTree = "<group>"; };
		E1B0BC411507D27B0085D9AB /* Icon.png */ = {isa = PBXFileReference; lastKnownFileType = image.png; name = Icon.png; path = ../../Icon.png; sourceTree = "<group>"; };
		E1B0BC441507D27D0085D9AB /* Icon@2x.png */ = {isa = PBXFileReference; lastKnownFileType = image.png; name = "Icon@2x.png"; path = "../../Icon@2x.png"; sourceTree = "<group>"; };
		E1C877491505F41700592954 /* WeTongji.app */ = {isa = PBXFileReference; explicitFileType = wrapper.application; includeInIndex = 0; path = WeTongji.app; sourceTree = BUILT_PRODUCTS_DIR; };
		E1C8774D1505F41700592954 /* UIKit.framework */ = {isa = PBXFileReference; lastKnownFileType = wrapper.framework; name = UIKit.framework; path = System/Library/Frameworks/UIKit.framework; sourceTree = SDKROOT; };
		E1C8774F1505F41700592954 /* Foundation.framework */ = {isa = PBXFileReference; lastKnownFileType = wrapper.framework; name = Foundation.framework; path = System/Library/Frameworks/Foundation.framework; sourceTree = SDKROOT; };
		E1C877511505F41700592954 /* CoreGraphics.framework */ = {isa = PBXFileReference; lastKnownFileType = wrapper.framework; name = CoreGraphics.framework; path = System/Library/Frameworks/CoreGraphics.framework; sourceTree = SDKROOT; };
		E1C877531505F41700592954 /* CoreData.framework */ = {isa = PBXFileReference; lastKnownFileType = wrapper.framework; name = CoreData.framework; path = System/Library/Frameworks/CoreData.framework; sourceTree = SDKROOT; };
		E1C877571505F41700592954 /* WeTongji-Info.plist */ = {isa = PBXFileReference; lastKnownFileType = text.plist.xml; path = "WeTongji-Info.plist"; sourceTree = "<group>"; };
		E1C877591505F41700592954 /* en */ = {isa = PBXFileReference; lastKnownFileType = text.plist.strings; name = en; path = en.lproj/InfoPlist.strings; sourceTree = "<group>"; };
		E1C8775B1505F41700592954 /* main.m */ = {isa = PBXFileReference; lastKnownFileType = sourcecode.c.objc; path = main.m; sourceTree = "<group>"; };
		E1C8775D1505F41700592954 /* WeTongji-Prefix.pch */ = {isa = PBXFileReference; lastKnownFileType = sourcecode.c.h; path = "WeTongji-Prefix.pch"; sourceTree = "<group>"; };
		E1C8775E1505F41700592954 /* AppDelegate.h */ = {isa = PBXFileReference; lastKnownFileType = sourcecode.c.h; path = AppDelegate.h; sourceTree = "<group>"; };
		E1C8775F1505F41700592954 /* AppDelegate.m */ = {isa = PBXFileReference; lastKnownFileType = sourcecode.c.objc; path = AppDelegate.m; sourceTree = "<group>"; };
		E1C877621505F41700592954 /* WeTongji.xcdatamodel */ = {isa = PBXFileReference; lastKnownFileType = wrapper.xcdatamodel; path = WeTongji.xcdatamodel; sourceTree = "<group>"; };
		E1C877A31505FB4800592954 /* RootViewController.h */ = {isa = PBXFileReference; fileEncoding = 4; lastKnownFileType = sourcecode.c.h; name = RootViewController.h; path = Classes/RootViewController.h; sourceTree = "<group>"; };
		E1C877A41505FB4800592954 /* RootViewController.m */ = {isa = PBXFileReference; fileEncoding = 4; lastKnownFileType = sourcecode.c.objc; name = RootViewController.m; path = Classes/RootViewController.m; sourceTree = "<group>"; };
		E1C877B315063FCD00592954 /* MetroViewController.h */ = {isa = PBXFileReference; fileEncoding = 4; lastKnownFileType = sourcecode.c.h; name = MetroViewController.h; path = Classes/MetroViewController.h; sourceTree = "<group>"; };
		E1C877B415063FCD00592954 /* MetroViewController.m */ = {isa = PBXFileReference; fileEncoding = 4; lastKnownFileType = sourcecode.c.objc; name = MetroViewController.m; path = Classes/MetroViewController.m; sourceTree = "<group>"; };
		E1C877BC15064B4900592954 /* MetroViewController.xib */ = {isa = PBXFileReference; fileEncoding = 4; lastKnownFileType = file.xib; name = MetroViewController.xib; path = Classes/MetroViewController.xib; sourceTree = "<group>"; };
		E1C877BF15064B6300592954 /* main_bg.png */ = {isa = PBXFileReference; lastKnownFileType = image.png; path = main_bg.png; sourceTree = "<group>"; };
		E1C877C015064B6300592954 /* main_bg_2.png */ = {isa = PBXFileReference; lastKnownFileType = image.png; path = main_bg_2.png; sourceTree = "<group>"; };
		E1C877C115064B6300592954 /* main_bg_3.png */ = {isa = PBXFileReference; lastKnownFileType = image.png; path = main_bg_3.png; sourceTree = "<group>"; };
		E1C877C515064BA500592954 /* Default.png */ = {isa = PBXFileReference; lastKnownFileType = image.png; path = Default.png; sourceTree = "<group>"; };
		E1C877C615064BA500592954 /* Default@2x.png */ = {isa = PBXFileReference; lastKnownFileType = image.png; path = "Default@2x.png"; sourceTree = "<group>"; };
		E1DEA595150E262D003F51B5 /* dock_bg@2x.png */ = {isa = PBXFileReference; lastKnownFileType = image.png; path = "dock_bg@2x.png"; sourceTree = "<group>"; };
		E1DEA596150E262D003F51B5 /* dock_btn_cover@2x.png */ = {isa = PBXFileReference; lastKnownFileType = image.png; path = "dock_btn_cover@2x.png"; sourceTree = "<group>"; };
/* End PBXFileReference section */

/* Begin PBXFrameworksBuildPhase section */
		E1C877461505F41700592954 /* Frameworks */ = {
			isa = PBXFrameworksBuildPhase;
			buildActionMask = 2147483647;
			files = (
				E1C8774E1505F41700592954 /* UIKit.framework in Frameworks */,
				E1C877501505F41700592954 /* Foundation.framework in Frameworks */,
				E1C877521505F41700592954 /* CoreGraphics.framework in Frameworks */,
				E1C877541505F41700592954 /* CoreData.framework in Frameworks */,
			);
			runOnlyForDeploymentPostprocessing = 0;
		};
/* End PBXFrameworksBuildPhase section */

/* Begin PBXGroup section */
		E1917732150783C9009FB941 /* user_info */ = {
			isa = PBXGroup;
			children = (
				E1917730150783C4009FB941 /* user_info_default_image.png */,
			);
			name = user_info;
			sourceTree = "<group>";
		};
		E1C8773E1505F41700592954 = {
			isa = PBXGroup;
			children = (
				E1C877551505F41700592954 /* WeTongji */,
				E1C8774C1505F41700592954 /* Frameworks */,
				E1C8774A1505F41700592954 /* Products */,
				E1C877BE15064B6300592954 /* Resources */,
			);
			sourceTree = "<group>";
		};
		E1C8774A1505F41700592954 /* Products */ = {
			isa = PBXGroup;
			children = (
				E1C877491505F41700592954 /* WeTongji.app */,
			);
			name = Products;
			sourceTree = "<group>";
		};
		E1C8774C1505F41700592954 /* Frameworks */ = {
			isa = PBXGroup;
			children = (
				E1C8774D1505F41700592954 /* UIKit.framework */,
				E1C8774F1505F41700592954 /* Foundation.framework */,
				E1C877511505F41700592954 /* CoreGraphics.framework */,
				E1C877531505F41700592954 /* CoreData.framework */,
			);
			name = Frameworks;
			sourceTree = "<group>";
		};
		E1C877551505F41700592954 /* WeTongji */ = {
			isa = PBXGroup;
			children = (
				E1917733150785ED009FB941 /* MainWindow.xib */,
				E1C8775E1505F41700592954 /* AppDelegate.h */,
				E1C8775F1505F41700592954 /* AppDelegate.m */,
				E1C877611505F41700592954 /* WeTongji.xcdatamodeld */,
				E1C877A61505FB5600592954 /* Classes */,
				E1C877561505F41700592954 /* Supporting Files */,
			);
			path = WeTongji;
			sourceTree = "<group>";
		};
		E1C877561505F41700592954 /* Supporting Files */ = {
			isa = PBXGroup;
			children = (
				E1C877571505F41700592954 /* WeTongji-Info.plist */,
				E1C877581505F41700592954 /* InfoPlist.strings */,
				E1C8775B1505F41700592954 /* main.m */,
				E1C8775D1505F41700592954 /* WeTongji-Prefix.pch */,
			);
			name = "Supporting Files";
			sourceTree = "<group>";
		};
		E1C877A61505FB5600592954 /* Classes */ = {
			isa = PBXGroup;
			children = (
				E1C877A31505FB4800592954 /* RootViewController.h */,
				E1C877A41505FB4800592954 /* RootViewController.m */,
				E191773515078609009FB941 /* RootViewController.xib */,
				E1C877B315063FCD00592954 /* MetroViewController.h */,
				E1C877B415063FCD00592954 /* MetroViewController.m */,
				E1C877BC15064B4900592954 /* MetroViewController.xib */,
				E191772A15078188009FB941 /* UserInfoViewController.h */,
				E191772B15078188009FB941 /* UserInfoViewController.m */,
				E191772C15078188009FB941 /* UserInfoViewController.xib */,
				E11965471507B2F200AE32E0 /* RootView.h */,
				E11965481507B2F200AE32E0 /* RootView.m */,
				E1AE08841531826F006964B8 /* ScheduleViewController.h */,
				E1AE08851531826F006964B8 /* ScheduleViewController.m */,
				E1AE08861531826F006964B8 /* ScheduleViewController.xib */,
				E149830915343BCA00734341 /* WTDockButton.h */,
				E149830A15343BCA00734341 /* WTDockButton.m */,
			);
			name = Classes;
			sourceTree = "<group>";
		};
		E1C877BE15064B6300592954 /* Resources */ = {
			isa = PBXGroup;
			children = (
				E1DEA593150E261B003F51B5 /* dock */,
				E1B0BC441507D27D0085D9AB /* Icon@2x.png */,
				E1B0BC411507D27B0085D9AB /* Icon.png */,
				E1917732150783C9009FB941 /* user_info */,
				E1C877C515064BA500592954 /* Default.png */,
				E1C877C615064BA500592954 /* Default@2x.png */,
				E1C877BF15064B6300592954 /* main_bg.png */,
				E1C877C015064B6300592954 /* main_bg_2.png */,
				E1C877C115064B6300592954 /* main_bg_3.png */,
			);
			name = Resources;
			path = WeTongji/Resources;
			sourceTree = "<group>";
		};
		E1DEA593150E261B003F51B5 /* dock */ = {
			isa = PBXGroup;
			children = (
				E1498315153467CC00734341 /* dock_btn_collect_hl@2x.png */,
				E149830F1534497300734341 /* dock_btn_mail@2x.png */,
				E149830D15343D4A00734341 /* dock_btn_collect@2x.png */,
				E1DEA595150E262D003F51B5 /* dock_bg@2x.png */,
				E1DEA596150E262D003F51B5 /* dock_btn_cover@2x.png */,
				E14983131534647D00734341 /* dock_btn_mail_hl@2x.png */,
			);
			name = dock;
			sourceTree = "<group>";
		};
/* End PBXGroup section */

/* Begin PBXNativeTarget section */
		E1C877481505F41700592954 /* WeTongji */ = {
			isa = PBXNativeTarget;
			buildConfigurationList = E1C877661505F41700592954 /* Build configuration list for PBXNativeTarget "WeTongji" */;
			buildPhases = (
				E1C877451505F41700592954 /* Sources */,
				E1C877461505F41700592954 /* Frameworks */,
				E1C877471505F41700592954 /* Resources */,
			);
			buildRules = (
			);
			dependencies = (
			);
			name = WeTongji;
			productName = WeTongji;
			productReference = E1C877491505F41700592954 /* WeTongji.app */;
			productType = "com.apple.product-type.application";
		};
/* End PBXNativeTarget section */

/* Begin PBXProject section */
		E1C877401505F41700592954 /* Project object */ = {
			isa = PBXProject;
			attributes = {
				LastUpgradeCheck = 0430;
			};
			buildConfigurationList = E1C877431505F41700592954 /* Build configuration list for PBXProject "WeTongji" */;
			compatibilityVersion = "Xcode 3.2";
			developmentRegion = English;
			hasScannedForEncodings = 0;
			knownRegions = (
				en,
			);
			mainGroup = E1C8773E1505F41700592954;
			productRefGroup = E1C8774A1505F41700592954 /* Products */;
			projectDirPath = "";
			projectRoot = "";
			targets = (
				E1C877481505F41700592954 /* WeTongji */,
			);
		};
/* End PBXProject section */

/* Begin PBXResourcesBuildPhase section */
		E1C877471505F41700592954 /* Resources */ = {
			isa = PBXResourcesBuildPhase;
			buildActionMask = 2147483647;
			files = (
				E1C8775A1505F41700592954 /* InfoPlist.strings in Resources */,
				E1C877BD15064B4900592954 /* MetroViewController.xib in Resources */,
				E1C877C215064B6300592954 /* main_bg.png in Resources */,
				E1C877C315064B6300592954 /* main_bg_2.png in Resources */,
				E1C877C415064B6300592954 /* main_bg_3.png in Resources */,
				E1C877C715064BA500592954 /* Default.png in Resources */,
				E1C877C815064BA500592954 /* Default@2x.png in Resources */,
				E191772E15078188009FB941 /* UserInfoViewController.xib in Resources */,
				E1917731150783C4009FB941 /* user_info_default_image.png in Resources */,
				E1917734150785ED009FB941 /* MainWindow.xib in Resources */,
				E191773615078609009FB941 /* RootViewController.xib in Resources */,
				E1B0BC421507D27B0085D9AB /* Icon.png in Resources */,
				E1B0BC451507D27D0085D9AB /* Icon@2x.png in Resources */,
				E1DEA597150E262D003F51B5 /* dock_bg@2x.png in Resources */,
				E1DEA598150E262D003F51B5 /* dock_btn_cover@2x.png in Resources */,
				E1AE088815318270006964B8 /* ScheduleViewController.xib in Resources */,
				E149830E15343D4A00734341 /* dock_btn_collect@2x.png in Resources */,
				E14983101534497300734341 /* dock_btn_mail@2x.png in Resources */,
				E14983141534647D00734341 /* dock_btn_mail_hl@2x.png in Resources */,
				E1498316153467CC00734341 /* dock_btn_collect_hl@2x.png in Resources */,
			);
			runOnlyForDeploymentPostprocessing = 0;
		};
/* End PBXResourcesBuildPhase section */

/* Begin PBXSourcesBuildPhase section */
		E1C877451505F41700592954 /* Sources */ = {
			isa = PBXSourcesBuildPhase;
			buildActionMask = 2147483647;
			files = (
				E1C8775C1505F41700592954 /* main.m in Sources */,
				E1C877601505F41700592954 /* AppDelegate.m in Sources */,
				E1C877631505F41700592954 /* WeTongji.xcdatamodeld in Sources */,
				E1C877A51505FB4800592954 /* RootViewController.m in Sources */,
				E1C877B515063FCD00592954 /* MetroViewController.m in Sources */,
				E191772D15078188009FB941 /* UserInfoViewController.m in Sources */,
				E11965491507B2F200AE32E0 /* RootView.m in Sources */,
				E1AE088715318270006964B8 /* ScheduleViewController.m in Sources */,
				E149830B15343BCB00734341 /* WTDockButton.m in Sources */,
			);
			runOnlyForDeploymentPostprocessing = 0;
		};
/* End PBXSourcesBuildPhase section */

/* Begin PBXVariantGroup section */
		E1C877581505F41700592954 /* InfoPlist.strings */ = {
			isa = PBXVariantGroup;
			children = (
				E1C877591505F41700592954 /* en */,
			);
			name = InfoPlist.strings;
			sourceTree = "<group>";
		};
/* End PBXVariantGroup section */

/* Begin XCBuildConfiguration section */
		E1C877641505F41700592954 /* Debug */ = {
			isa = XCBuildConfiguration;
			buildSettings = {
				ALWAYS_SEARCH_USER_PATHS = NO;
				ARCHS = "$(ARCHS_STANDARD_32_BIT)";
				CLANG_ENABLE_OBJC_ARC = YES;
				"CODE_SIGN_IDENTITY[sdk=iphoneos*]" = "iPhone Developer";
				COPY_PHASE_STRIP = NO;
				GCC_C_LANGUAGE_STANDARD = gnu99;
				GCC_DYNAMIC_NO_PIC = NO;
				GCC_OPTIMIZATION_LEVEL = 0;
				GCC_PREPROCESSOR_DEFINITIONS = (
					"DEBUG=1",
					"$(inherited)",
				);
				GCC_SYMBOLS_PRIVATE_EXTERN = NO;
				GCC_VERSION = com.apple.compilers.llvm.clang.1_0;
				GCC_WARN_ABOUT_RETURN_TYPE = YES;
				GCC_WARN_UNINITIALIZED_AUTOS = YES;
				GCC_WARN_UNUSED_VARIABLE = YES;
				IPHONEOS_DEPLOYMENT_TARGET = 5.0;
				SDKROOT = iphoneos;
			};
			name = Debug;
		};
		E1C877651505F41700592954 /* Release */ = {
			isa = XCBuildConfiguration;
			buildSettings = {
				ALWAYS_SEARCH_USER_PATHS = NO;
				ARCHS = "$(ARCHS_STANDARD_32_BIT)";
				CLANG_ENABLE_OBJC_ARC = YES;
				"CODE_SIGN_IDENTITY[sdk=iphoneos*]" = "iPhone Developer";
				COPY_PHASE_STRIP = YES;
				GCC_C_LANGUAGE_STANDARD = gnu99;
				GCC_VERSION = com.apple.compilers.llvm.clang.1_0;
				GCC_WARN_ABOUT_RETURN_TYPE = YES;
				GCC_WARN_UNINITIALIZED_AUTOS = YES;
				GCC_WARN_UNUSED_VARIABLE = YES;
				IPHONEOS_DEPLOYMENT_TARGET = 5.0;
				OTHER_CFLAGS = "-DNS_BLOCK_ASSERTIONS=1";
				SDKROOT = iphoneos;
				VALIDATE_PRODUCT = YES;
			};
			name = Release;
		};
		E1C877671505F41700592954 /* Debug */ = {
			isa = XCBuildConfiguration;
			buildSettings = {
				GCC_PRECOMPILE_PREFIX_HEADER = YES;
				GCC_PREFIX_HEADER = "WeTongji/WeTongji-Prefix.pch";
				INFOPLIST_FILE = "WeTongji/WeTongji-Info.plist";
				PRODUCT_NAME = "$(TARGET_NAME)";
				WRAPPER_EXTENSION = app;
			};
			name = Debug;
		};
		E1C877681505F41700592954 /* Release */ = {
			isa = XCBuildConfiguration;
			buildSettings = {
				GCC_PRECOMPILE_PREFIX_HEADER = YES;
				GCC_PREFIX_HEADER = "WeTongji/WeTongji-Prefix.pch";
				INFOPLIST_FILE = "WeTongji/WeTongji-Info.plist";
				PRODUCT_NAME = "$(TARGET_NAME)";
				WRAPPER_EXTENSION = app;
			};
			name = Release;
		};
/* End XCBuildConfiguration section */

/* Begin XCConfigurationList section */
		E1C877431505F41700592954 /* Build configuration list for PBXProject "WeTongji" */ = {
			isa = XCConfigurationList;
			buildConfigurations = (
				E1C877641505F41700592954 /* Debug */,
				E1C877651505F41700592954 /* Release */,
			);
			defaultConfigurationIsVisible = 0;
			defaultConfigurationName = Release;
		};
		E1C877661505F41700592954 /* Build configuration list for PBXNativeTarget "WeTongji" */ = {
			isa = XCConfigurationList;
			buildConfigurations = (
				E1C877671505F41700592954 /* Debug */,
				E1C877681505F41700592954 /* Release */,
			);
			defaultConfigurationIsVisible = 0;
			defaultConfigurationName = Release;
		};
/* End XCConfigurationList section */

/* Begin XCVersionGroup section */
		E1C877611505F41700592954 /* WeTongji.xcdatamodeld */ = {
			isa = XCVersionGroup;
			children = (
				E1C877621505F41700592954 /* WeTongji.xcdatamodel */,
			);
			currentVersion = E1C877621505F41700592954 /* WeTongji.xcdatamodel */;
			path = WeTongji.xcdatamodeld;
			sourceTree = "<group>";
			versionGroupType = wrapper.xcdatamodel;
		};
/* End XCVersionGroup section */
	};
	rootObject = E1C877401505F41700592954 /* Project object */;
}
