// !$*UTF8*$!
{
	archiveVersion = 1;
	classes = {
	};
	objectVersion = 46;
	objects = {

/* Begin PBXBuildFile section */
		E10A165E15360ED400700A0E /* WTDockButton.m in Sources */ = {isa = PBXBuildFile; fileRef = E10A165D15360EC900700A0E /* WTDockButton.m */; };
		E10A167D153617E300700A0E /* dock_bg.png in Resources */ = {isa = PBXBuildFile; fileRef = E10A1668153617E200700A0E /* dock_bg.png */; };
		E10A167E153617E300700A0E /* dock_btn_channel_hl.png in Resources */ = {isa = PBXBuildFile; fileRef = E10A1669153617E200700A0E /* dock_btn_channel_hl.png */; };
		E10A167F153617E300700A0E /* dock_btn_channel.png in Resources */ = {isa = PBXBuildFile; fileRef = E10A166A153617E200700A0E /* dock_btn_channel.png */; };
		E10A1680153617E300700A0E /* dock_btn_circles_hl.png in Resources */ = {isa = PBXBuildFile; fileRef = E10A166B153617E200700A0E /* dock_btn_circles_hl.png */; };
		E10A1681153617E300700A0E /* dock_btn_circles.png in Resources */ = {isa = PBXBuildFile; fileRef = E10A166C153617E200700A0E /* dock_btn_circles.png */; };
		E10A1682153617E300700A0E /* dock_btn_collect_hl.png in Resources */ = {isa = PBXBuildFile; fileRef = E10A166D153617E200700A0E /* dock_btn_collect_hl.png */; };
		E10A1683153617E300700A0E /* dock_btn_collect.png in Resources */ = {isa = PBXBuildFile; fileRef = E10A166E153617E200700A0E /* dock_btn_collect.png */; };
		E10A1684153617E300700A0E /* dock_btn_cover.png in Resources */ = {isa = PBXBuildFile; fileRef = E10A166F153617E200700A0E /* dock_btn_cover.png */; };
		E10A1685153617E300700A0E /* dock_btn_mail_hl.png in Resources */ = {isa = PBXBuildFile; fileRef = E10A1670153617E200700A0E /* dock_btn_mail_hl.png */; };
		E10A1686153617E300700A0E /* dock_btn_mail.png in Resources */ = {isa = PBXBuildFile; fileRef = E10A1671153617E200700A0E /* dock_btn_mail.png */; };
		E10A1687153617E300700A0E /* dock_btn_news_hl.png in Resources */ = {isa = PBXBuildFile; fileRef = E10A1672153617E200700A0E /* dock_btn_news_hl.png */; };
		E10A1688153617E300700A0E /* dock_btn_news.png in Resources */ = {isa = PBXBuildFile; fileRef = E10A1673153617E200700A0E /* dock_btn_news.png */; };
		E10A1689153617E300700A0E /* dock_btn_schedule_hl.png in Resources */ = {isa = PBXBuildFile; fileRef = E10A1674153617E200700A0E /* dock_btn_schedule_hl.png */; };
		E10A168A153617E300700A0E /* dock_btn_schedule.png in Resources */ = {isa = PBXBuildFile; fileRef = E10A1675153617E200700A0E /* dock_btn_schedule.png */; };
		E10A168B153617E300700A0E /* main_tab_bar_btn_check_hl.png in Resources */ = {isa = PBXBuildFile; fileRef = E10A1676153617E300700A0E /* main_tab_bar_btn_check_hl.png */; };
		E10A168C153617E300700A0E /* main_tab_bar_btn_check.png in Resources */ = {isa = PBXBuildFile; fileRef = E10A1677153617E300700A0E /* main_tab_bar_btn_check.png */; };
		E10A168D153617E300700A0E /* main_tab_bar_btn_setting_hl.png in Resources */ = {isa = PBXBuildFile; fileRef = E10A1678153617E300700A0E /* main_tab_bar_btn_setting_hl.png */; };
		E10A168E153617E300700A0E /* main_tab_bar_btn_setting.png in Resources */ = {isa = PBXBuildFile; fileRef = E10A1679153617E300700A0E /* main_tab_bar_btn_setting.png */; };
		E10A168F153617E300700A0E /* main_tab_bar_btn_user_hl.png in Resources */ = {isa = PBXBuildFile; fileRef = E10A167A153617E300700A0E /* main_tab_bar_btn_user_hl.png */; };
		E10A1690153617E300700A0E /* main_tab_bar_btn_user.png in Resources */ = {isa = PBXBuildFile; fileRef = E10A167B153617E300700A0E /* main_tab_bar_btn_user.png */; };
		E10A1691153617E300700A0E /* navigation_bar_logo.png in Resources */ = {isa = PBXBuildFile; fileRef = E10A167C153617E300700A0E /* navigation_bar_logo.png */; };
		E10A16931536182600700A0E /* main_bg.png in Resources */ = {isa = PBXBuildFile; fileRef = E10A16921536182600700A0E /* main_bg.png */; };
		E11965491507B2F200AE32E0 /* RootView.m in Sources */ = {isa = PBXBuildFile; fileRef = E11965481507B2F200AE32E0 /* RootView.m */; };
		E149830B15343BCB00734341 /* WTButton.m in Sources */ = {isa = PBXBuildFile; fileRef = E149830A15343BCA00734341 /* WTButton.m */; };
		E149830E15343D4A00734341 /* dock_btn_collect@2x.png in Resources */ = {isa = PBXBuildFile; fileRef = E149830D15343D4A00734341 /* dock_btn_collect@2x.png */; };
		E14983101534497300734341 /* dock_btn_mail@2x.png in Resources */ = {isa = PBXBuildFile; fileRef = E149830F1534497300734341 /* dock_btn_mail@2x.png */; };
		E14983141534647D00734341 /* dock_btn_mail_hl@2x.png in Resources */ = {isa = PBXBuildFile; fileRef = E14983131534647D00734341 /* dock_btn_mail_hl@2x.png */; };
		E1498316153467CC00734341 /* dock_btn_collect_hl@2x.png in Resources */ = {isa = PBXBuildFile; fileRef = E1498315153467CC00734341 /* dock_btn_collect_hl@2x.png */; };
		E149831A15346C2A00734341 /* UIView+Addition.m in Sources */ = {isa = PBXBuildFile; fileRef = E149831915346C2A00734341 /* UIView+Addition.m */; };
		E149832315349ED800734341 /* dock_btn_channel_hl@2x.png in Resources */ = {isa = PBXBuildFile; fileRef = E149831B15349ED700734341 /* dock_btn_channel_hl@2x.png */; };
		E149832415349ED800734341 /* dock_btn_channel@2x.png in Resources */ = {isa = PBXBuildFile; fileRef = E149831C15349ED700734341 /* dock_btn_channel@2x.png */; };
		E149832515349ED800734341 /* dock_btn_circles_hl@2x.png in Resources */ = {isa = PBXBuildFile; fileRef = E149831D15349ED700734341 /* dock_btn_circles_hl@2x.png */; };
		E149832615349ED800734341 /* dock_btn_circles@2x.png in Resources */ = {isa = PBXBuildFile; fileRef = E149831E15349ED700734341 /* dock_btn_circles@2x.png */; };
		E149832715349ED800734341 /* dock_btn_news_hl@2x.png in Resources */ = {isa = PBXBuildFile; fileRef = E149831F15349ED800734341 /* dock_btn_news_hl@2x.png */; };
		E149832815349ED800734341 /* dock_btn_news@2x.png in Resources */ = {isa = PBXBuildFile; fileRef = E149832015349ED800734341 /* dock_btn_news@2x.png */; };
		E149832915349ED800734341 /* dock_btn_schedule_hl@2x.png in Resources */ = {isa = PBXBuildFile; fileRef = E149832115349ED800734341 /* dock_btn_schedule_hl@2x.png */; };
		E149832A15349ED800734341 /* dock_btn_schedule@2x.png in Resources */ = {isa = PBXBuildFile; fileRef = E149832215349ED800734341 /* dock_btn_schedule@2x.png */; };
		E149832C1534BA1800734341 /* navigation_bar_bg@2x.png in Resources */ = {isa = PBXBuildFile; fileRef = E149832B1534BA1800734341 /* navigation_bar_bg@2x.png */; };
		E14983311534C22900734341 /* navigation_bar_bg.png in Resources */ = {isa = PBXBuildFile; fileRef = E14983301534C22900734341 /* navigation_bar_bg.png */; };
		E14983331534C38400734341 /* navigation_bar_logo@2x.png in Resources */ = {isa = PBXBuildFile; fileRef = E14983321534C38400734341 /* navigation_bar_logo@2x.png */; };
		E1498335153555F000734341 /* main_bg@2x.png in Resources */ = {isa = PBXBuildFile; fileRef = E1498334153555F000734341 /* main_bg@2x.png */; };
		E180638F15360BAD00460F8B /* main_tab_bar_btn_check@2x.png in Resources */ = {isa = PBXBuildFile; fileRef = E180638915360BAD00460F8B /* main_tab_bar_btn_check@2x.png */; };
		E180639015360BAD00460F8B /* main_tab_bar_btn_setting@2x.png in Resources */ = {isa = PBXBuildFile; fileRef = E180638A15360BAD00460F8B /* main_tab_bar_btn_setting@2x.png */; };
		E180639115360BAD00460F8B /* main_tab_bar_btn_setting_hl@2x.png in Resources */ = {isa = PBXBuildFile; fileRef = E180638B15360BAD00460F8B /* main_tab_bar_btn_setting_hl@2x.png */; };
		E180639215360BAD00460F8B /* main_tab_bar_btn_check_hl@2x.png in Resources */ = {isa = PBXBuildFile; fileRef = E180638C15360BAD00460F8B /* main_tab_bar_btn_check_hl@2x.png */; };
		E180639315360BAD00460F8B /* main_tab_bar_btn_user@2x.png in Resources */ = {isa = PBXBuildFile; fileRef = E180638D15360BAD00460F8B /* main_tab_bar_btn_user@2x.png */; };
		E180639415360BAD00460F8B /* main_tab_bar_btn_user_hl@2x.png in Resources */ = {isa = PBXBuildFile; fileRef = E180638E15360BAD00460F8B /* main_tab_bar_btn_user_hl@2x.png */; };
		E191772D15078188009FB941 /* MainViewController.m in Sources */ = {isa = PBXBuildFile; fileRef = E191772B15078188009FB941 /* MainViewController.m */; };
		E191772E15078188009FB941 /* MainViewController.xib in Resources */ = {isa = PBXBuildFile; fileRef = E191772C15078188009FB941 /* MainViewController.xib */; };
		E1917731150783C4009FB941 /* user_info_default_image.png in Resources */ = {isa = PBXBuildFile; fileRef = E1917730150783C4009FB941 /* user_info_default_image.png */; };
		E1917734150785ED009FB941 /* MainWindow.xib in Resources */ = {isa = PBXBuildFile; fileRef = E1917733150785ED009FB941 /* MainWindow.xib */; };
		E191773615078609009FB941 /* RootViewController.xib in Resources */ = {isa = PBXBuildFile; fileRef = E191773515078609009FB941 /* RootViewController.xib */; };
		E1AE088715318270006964B8 /* ScheduleViewController.m in Sources */ = {isa = PBXBuildFile; fileRef = E1AE08851531826F006964B8 /* ScheduleViewController.m */; };
		E1AE088815318270006964B8 /* ScheduleViewController.xib in Resources */ = {isa = PBXBuildFile; fileRef = E1AE08861531826F006964B8 /* ScheduleViewController.xib */; };
		E1B0BC421507D27B0085D9AB /* Icon.png in Resources */ = {isa = PBXBuildFile; fileRef = E1B0BC411507D27B0085D9AB /* Icon.png */; };
		E1B0BC451507D27D0085D9AB /* Icon@2x.png in Resources */ = {isa = PBXBuildFile; fileRef = E1B0BC441507D27D0085D9AB /* Icon@2x.png */; };
		E1C8774E1505F41700592954 /* UIKit.framework in Frameworks */ = {isa = PBXBuildFile; fileRef = E1C8774D1505F41700592954 /* UIKit.framework */; };
		E1C877501505F41700592954 /* Foundation.framework in Frameworks */ = {isa = PBXBuildFile; fileRef = E1C8774F1505F41700592954 /* Foundation.framework */; };
		E1C877521505F41700592954 /* CoreGraphics.framework in Frameworks */ = {isa = PBXBuildFile; fileRef = E1C877511505F41700592954 /* CoreGraphics.framework */; };
		E1C877541505F41700592954 /* CoreData.framework in Frameworks */ = {isa = PBXBuildFile; fileRef = E1C877531505F41700592954 /* CoreData.framework */; };
		E1C8775A1505F41700592954 /* InfoPlist.strings in Resources */ = {isa = PBXBuildFile; fileRef = E1C877581505F41700592954 /* InfoPlist.strings */; };
		E1C8775C1505F41700592954 /* main.m in Sources */ = {isa = PBXBuildFile; fileRef = E1C8775B1505F41700592954 /* main.m */; };
		E1C877601505F41700592954 /* AppDelegate.m in Sources */ = {isa = PBXBuildFile; fileRef = E1C8775F1505F41700592954 /* AppDelegate.m */; };
		E1C877631505F41700592954 /* WeTongji.xcdatamodeld in Sources */ = {isa = PBXBuildFile; fileRef = E1C877611505F41700592954 /* WeTongji.xcdatamodeld */; };
		E1C877A51505FB4800592954 /* RootViewController.m in Sources */ = {isa = PBXBuildFile; fileRef = E1C877A41505FB4800592954 /* RootViewController.m */; };
		E1C877B515063FCD00592954 /* MetroViewController.m in Sources */ = {isa = PBXBuildFile; fileRef = E1C877B415063FCD00592954 /* MetroViewController.m */; };
		E1C877BD15064B4900592954 /* MetroViewController.xib in Resources */ = {isa = PBXBuildFile; fileRef = E1C877BC15064B4900592954 /* MetroViewController.xib */; };
		E1C877C715064BA500592954 /* Default.png in Resources */ = {isa = PBXBuildFile; fileRef = E1C877C515064BA500592954 /* Default.png */; };
		E1C877C815064BA500592954 /* Default@2x.png in Resources */ = {isa = PBXBuildFile; fileRef = E1C877C615064BA500592954 /* Default@2x.png */; };
		E1DEA597150E262D003F51B5 /* dock_bg@2x.png in Resources */ = {isa = PBXBuildFile; fileRef = E1DEA595150E262D003F51B5 /* dock_bg@2x.png */; };
		E1DEA598150E262D003F51B5 /* dock_btn_cover@2x.png in Resources */ = {isa = PBXBuildFile; fileRef = E1DEA596150E262D003F51B5 /* dock_btn_cover@2x.png */; };
		E1DF6F9515376124001C60EA /* paper_footer@2x.png in Resources */ = {isa = PBXBuildFile; fileRef = E1DF6F9215376124001C60EA /* paper_footer@2x.png */; };
		E1DF6F9615376124001C60EA /* paper_header@2x.png in Resources */ = {isa = PBXBuildFile; fileRef = E1DF6F9315376124001C60EA /* paper_header@2x.png */; };
		E1DF6F9715376124001C60EA /* paper_main@2x.png in Resources */ = {isa = PBXBuildFile; fileRef = E1DF6F9415376124001C60EA /* paper_main@2x.png */; };
		E1DF6F9E153761A0001C60EA /* UserInfoTableViewController.m in Sources */ = {isa = PBXBuildFile; fileRef = E1DF6F9C153761A0001C60EA /* UserInfoTableViewController.m */; };
		E1DF6F9F153761A0001C60EA /* UserInfoTableViewController.xib in Resources */ = {isa = PBXBuildFile; fileRef = E1DF6F9D153761A0001C60EA /* UserInfoTableViewController.xib */; };
		E1DF6FA715376300001C60EA /* UserInfoTableViewCell.m in Sources */ = {isa = PBXBuildFile; fileRef = E1DF6FA5153762FF001C60EA /* UserInfoTableViewCell.m */; };
		E1DF6FA815376300001C60EA /* UserInfoTableViewCell.xib in Resources */ = {isa = PBXBuildFile; fileRef = E1DF6FA615376300001C60EA /* UserInfoTableViewCell.xib */; };
		E1DF6FAC1537642F001C60EA /* paper_footer.png in Resources */ = {isa = PBXBuildFile; fileRef = E1DF6FA91537642F001C60EA /* paper_footer.png */; };
		E1DF6FAD1537642F001C60EA /* paper_header.png in Resources */ = {isa = PBXBuildFile; fileRef = E1DF6FAA1537642F001C60EA /* paper_header.png */; };
		E1DF6FAE1537642F001C60EA /* paper_main.png in Resources */ = {isa = PBXBuildFile; fileRef = E1DF6FAB1537642F001C60EA /* paper_main.png */; };
		E1DF6FB01537EA0F001C60EA /* main_bg_header_cover@2x.png in Resources */ = {isa = PBXBuildFile; fileRef = E1DF6FAF1537EA0F001C60EA /* main_bg_header_cover@2x.png */; };
		E1DF6FB21537EAE7001C60EA /* main_bg_header_cover.png in Resources */ = {isa = PBXBuildFile; fileRef = E1DF6FB11537EAE7001C60EA /* main_bg_header_cover.png */; };
		E1DF6FCA153985C1001C60EA /* main_tab_bar_bg.png in Resources */ = {isa = PBXBuildFile; fileRef = E1DF6FC8153985C1001C60EA /* main_tab_bar_bg.png */; };
		E1DF6FCB153985C1001C60EA /* main_tab_bar_bg@2x.png in Resources */ = {isa = PBXBuildFile; fileRef = E1DF6FC9153985C1001C60EA /* main_tab_bar_bg@2x.png */; };
		E1DF6FD915398C85001C60EA /* AbstractMainTableViewController.m in Sources */ = {isa = PBXBuildFile; fileRef = E1DF6FD815398C84001C60EA /* AbstractMainTableViewController.m */; };
		E1DF6FE415399417001C60EA /* ToDoListTableViewController.m in Sources */ = {isa = PBXBuildFile; fileRef = E1DF6FD515398BC9001C60EA /* ToDoListTableViewController.m */; };
		E1DF6FE51539941E001C60EA /* ToDoListTableViewController.xib in Resources */ = {isa = PBXBuildFile; fileRef = E1DF6FD615398BCA001C60EA /* ToDoListTableViewController.xib */; };
		E1DF6FE6153995B4001C60EA /* ToDoListTableViewCell.m in Sources */ = {isa = PBXBuildFile; fileRef = E1DF6FDB15398C9A001C60EA /* ToDoListTableViewCell.m */; };
		E1DF6FE7153995B9001C60EA /* ToDoListTableViewCell.xib in Resources */ = {isa = PBXBuildFile; fileRef = E1DF6FDC15398C9B001C60EA /* ToDoListTableViewCell.xib */; };
		E1DF6FEC1539986D001C60EA /* to_do_list_point_blue.png in Resources */ = {isa = PBXBuildFile; fileRef = E1DF6FE81539986D001C60EA /* to_do_list_point_blue.png */; };
		E1DF6FED1539986D001C60EA /* to_do_list_point_blue@2x.png in Resources */ = {isa = PBXBuildFile; fileRef = E1DF6FE91539986D001C60EA /* to_do_list_point_blue@2x.png */; };
		E1DF6FEE1539986D001C60EA /* to_do_list_point_green.png in Resources */ = {isa = PBXBuildFile; fileRef = E1DF6FEA1539986D001C60EA /* to_do_list_point_green.png */; };
		E1DF6FEF1539986D001C60EA /* to_do_list_point_green@2x.png in Resources */ = {isa = PBXBuildFile; fileRef = E1DF6FEB1539986D001C60EA /* to_do_list_point_green@2x.png */; };
/* End PBXBuildFile section */

/* Begin PBXFileReference section */
		E10A165C15360EC900700A0E /* WTDockButton.h */ = {isa = PBXFileReference; lastKnownFileType = sourcecode.c.h; name = WTDockButton.h; path = Classes/WTDockButton.h; sourceTree = "<group>"; };
		E10A165D15360EC900700A0E /* WTDockButton.m */ = {isa = PBXFileReference; lastKnownFileType = sourcecode.c.objc; name = WTDockButton.m; path = Classes/WTDockButton.m; sourceTree = "<group>"; };
		E10A1668153617E200700A0E /* dock_bg.png */ = {isa = PBXFileReference; lastKnownFileType = image.png; path = dock_bg.png; sourceTree = "<group>"; };
		E10A1669153617E200700A0E /* dock_btn_channel_hl.png */ = {isa = PBXFileReference; lastKnownFileType = image.png; path = dock_btn_channel_hl.png; sourceTree = "<group>"; };
		E10A166A153617E200700A0E /* dock_btn_channel.png */ = {isa = PBXFileReference; lastKnownFileType = image.png; path = dock_btn_channel.png; sourceTree = "<group>"; };
		E10A166B153617E200700A0E /* dock_btn_circles_hl.png */ = {isa = PBXFileReference; lastKnownFileType = image.png; path = dock_btn_circles_hl.png; sourceTree = "<group>"; };
		E10A166C153617E200700A0E /* dock_btn_circles.png */ = {isa = PBXFileReference; lastKnownFileType = image.png; path = dock_btn_circles.png; sourceTree = "<group>"; };
		E10A166D153617E200700A0E /* dock_btn_collect_hl.png */ = {isa = PBXFileReference; lastKnownFileType = image.png; path = dock_btn_collect_hl.png; sourceTree = "<group>"; };
		E10A166E153617E200700A0E /* dock_btn_collect.png */ = {isa = PBXFileReference; lastKnownFileType = image.png; path = dock_btn_collect.png; sourceTree = "<group>"; };
		E10A166F153617E200700A0E /* dock_btn_cover.png */ = {isa = PBXFileReference; lastKnownFileType = image.png; path = dock_btn_cover.png; sourceTree = "<group>"; };
		E10A1670153617E200700A0E /* dock_btn_mail_hl.png */ = {isa = PBXFileReference; lastKnownFileType = image.png; path = dock_btn_mail_hl.png; sourceTree = "<group>"; };
		E10A1671153617E200700A0E /* dock_btn_mail.png */ = {isa = PBXFileReference; lastKnownFileType = image.png; path = dock_btn_mail.png; sourceTree = "<group>"; };
		E10A1672153617E200700A0E /* dock_btn_news_hl.png */ = {isa = PBXFileReference; lastKnownFileType = image.png; path = dock_btn_news_hl.png; sourceTree = "<group>"; };
		E10A1673153617E200700A0E /* dock_btn_news.png */ = {isa = PBXFileReference; lastKnownFileType = image.png; path = dock_btn_news.png; sourceTree = "<group>"; };
		E10A1674153617E200700A0E /* dock_btn_schedule_hl.png */ = {isa = PBXFileReference; lastKnownFileType = image.png; path = dock_btn_schedule_hl.png; sourceTree = "<group>"; };
		E10A1675153617E200700A0E /* dock_btn_schedule.png */ = {isa = PBXFileReference; lastKnownFileType = image.png; path = dock_btn_schedule.png; sourceTree = "<group>"; };
		E10A1676153617E300700A0E /* main_tab_bar_btn_check_hl.png */ = {isa = PBXFileReference; lastKnownFileType = image.png; path = main_tab_bar_btn_check_hl.png; sourceTree = "<group>"; };
		E10A1677153617E300700A0E /* main_tab_bar_btn_check.png */ = {isa = PBXFileReference; lastKnownFileType = image.png; path = main_tab_bar_btn_check.png; sourceTree = "<group>"; };
		E10A1678153617E300700A0E /* main_tab_bar_btn_setting_hl.png */ = {isa = PBXFileReference; lastKnownFileType = image.png; path = main_tab_bar_btn_setting_hl.png; sourceTree = "<group>"; };
		E10A1679153617E300700A0E /* main_tab_bar_btn_setting.png */ = {isa = PBXFileReference; lastKnownFileType = image.png; path = main_tab_bar_btn_setting.png; sourceTree = "<group>"; };
		E10A167A153617E300700A0E /* main_tab_bar_btn_user_hl.png */ = {isa = PBXFileReference; lastKnownFileType = image.png; path = main_tab_bar_btn_user_hl.png; sourceTree = "<group>"; };
		E10A167B153617E300700A0E /* main_tab_bar_btn_user.png */ = {isa = PBXFileReference; lastKnownFileType = image.png; path = main_tab_bar_btn_user.png; sourceTree = "<group>"; };
		E10A167C153617E300700A0E /* navigation_bar_logo.png */ = {isa = PBXFileReference; lastKnownFileType = image.png; path = navigation_bar_logo.png; sourceTree = "<group>"; };
		E10A16921536182600700A0E /* main_bg.png */ = {isa = PBXFileReference; lastKnownFileType = image.png; path = main_bg.png; sourceTree = "<group>"; };
		E11965471507B2F200AE32E0 /* RootView.h */ = {isa = PBXFileReference; fileEncoding = 4; lastKnownFileType = sourcecode.c.h; name = RootView.h; path = Classes/RootView.h; sourceTree = "<group>"; };
		E11965481507B2F200AE32E0 /* RootView.m */ = {isa = PBXFileReference; fileEncoding = 4; lastKnownFileType = sourcecode.c.objc; name = RootView.m; path = Classes/RootView.m; sourceTree = "<group>"; };
		E149830915343BCA00734341 /* WTButton.h */ = {isa = PBXFileReference; fileEncoding = 4; lastKnownFileType = sourcecode.c.h; name = WTButton.h; path = Classes/WTButton.h; sourceTree = "<group>"; };
		E149830A15343BCA00734341 /* WTButton.m */ = {isa = PBXFileReference; fileEncoding = 4; lastKnownFileType = sourcecode.c.objc; name = WTButton.m; path = Classes/WTButton.m; sourceTree = "<group>"; };
		E149830D15343D4A00734341 /* dock_btn_collect@2x.png */ = {isa = PBXFileReference; lastKnownFileType = image.png; path = "dock_btn_collect@2x.png"; sourceTree = "<group>"; };
		E149830F1534497300734341 /* dock_btn_mail@2x.png */ = {isa = PBXFileReference; lastKnownFileType = image.png; path = "dock_btn_mail@2x.png"; sourceTree = "<group>"; };
		E14983131534647D00734341 /* dock_btn_mail_hl@2x.png */ = {isa = PBXFileReference; lastKnownFileType = image.png; path = "dock_btn_mail_hl@2x.png"; sourceTree = "<group>"; };
		E1498315153467CC00734341 /* dock_btn_collect_hl@2x.png */ = {isa = PBXFileReference; lastKnownFileType = image.png; path = "dock_btn_collect_hl@2x.png"; sourceTree = "<group>"; };
		E149831815346C2A00734341 /* UIView+Addition.h */ = {isa = PBXFileReference; fileEncoding = 4; lastKnownFileType = sourcecode.c.h; name = "UIView+Addition.h"; path = "Classes/UIView+Addition.h"; sourceTree = "<group>"; };
		E149831915346C2A00734341 /* UIView+Addition.m */ = {isa = PBXFileReference; fileEncoding = 4; lastKnownFileType = sourcecode.c.objc; name = "UIView+Addition.m"; path = "Classes/UIView+Addition.m"; sourceTree = "<group>"; };
		E149831B15349ED700734341 /* dock_btn_channel_hl@2x.png */ = {isa = PBXFileReference; lastKnownFileType = image.png; path = "dock_btn_channel_hl@2x.png"; sourceTree = "<group>"; };
		E149831C15349ED700734341 /* dock_btn_channel@2x.png */ = {isa = PBXFileReference; lastKnownFileType = image.png; path = "dock_btn_channel@2x.png"; sourceTree = "<group>"; };
		E149831D15349ED700734341 /* dock_btn_circles_hl@2x.png */ = {isa = PBXFileReference; lastKnownFileType = image.png; path = "dock_btn_circles_hl@2x.png"; sourceTree = "<group>"; };
		E149831E15349ED700734341 /* dock_btn_circles@2x.png */ = {isa = PBXFileReference; lastKnownFileType = image.png; path = "dock_btn_circles@2x.png"; sourceTree = "<group>"; };
		E149831F15349ED800734341 /* dock_btn_news_hl@2x.png */ = {isa = PBXFileReference; lastKnownFileType = image.png; path = "dock_btn_news_hl@2x.png"; sourceTree = "<group>"; };
		E149832015349ED800734341 /* dock_btn_news@2x.png */ = {isa = PBXFileReference; lastKnownFileType = image.png; path = "dock_btn_news@2x.png"; sourceTree = "<group>"; };
		E149832115349ED800734341 /* dock_btn_schedule_hl@2x.png */ = {isa = PBXFileReference; lastKnownFileType = image.png; path = "dock_btn_schedule_hl@2x.png"; sourceTree = "<group>"; };
		E149832215349ED800734341 /* dock_btn_schedule@2x.png */ = {isa = PBXFileReference; lastKnownFileType = image.png; path = "dock_btn_schedule@2x.png"; sourceTree = "<group>"; };
		E149832B1534BA1800734341 /* navigation_bar_bg@2x.png */ = {isa = PBXFileReference; lastKnownFileType = image.png; path = "navigation_bar_bg@2x.png"; sourceTree = "<group>"; };
		E14983301534C22900734341 /* navigation_bar_bg.png */ = {isa = PBXFileReference; lastKnownFileType = image.png; path = navigation_bar_bg.png; sourceTree = "<group>"; };
		E14983321534C38400734341 /* navigation_bar_logo@2x.png */ = {isa = PBXFileReference; lastKnownFileType = image.png; path = "navigation_bar_logo@2x.png"; sourceTree = "<group>"; };
		E1498334153555F000734341 /* main_bg@2x.png */ = {isa = PBXFileReference; lastKnownFileType = image.png; path = "main_bg@2x.png"; sourceTree = "<group>"; };
		E180638915360BAD00460F8B /* main_tab_bar_btn_check@2x.png */ = {isa = PBXFileReference; lastKnownFileType = image.png; path = "main_tab_bar_btn_check@2x.png"; sourceTree = "<group>"; };
		E180638A15360BAD00460F8B /* main_tab_bar_btn_setting@2x.png */ = {isa = PBXFileReference; lastKnownFileType = image.png; path = "main_tab_bar_btn_setting@2x.png"; sourceTree = "<group>"; };
		E180638B15360BAD00460F8B /* main_tab_bar_btn_setting_hl@2x.png */ = {isa = PBXFileReference; lastKnownFileType = image.png; path = "main_tab_bar_btn_setting_hl@2x.png"; sourceTree = "<group>"; };
		E180638C15360BAD00460F8B /* main_tab_bar_btn_check_hl@2x.png */ = {isa = PBXFileReference; lastKnownFileType = image.png; path = "main_tab_bar_btn_check_hl@2x.png"; sourceTree = "<group>"; };
		E180638D15360BAD00460F8B /* main_tab_bar_btn_user@2x.png */ = {isa = PBXFileReference; lastKnownFileType = image.png; path = "main_tab_bar_btn_user@2x.png"; sourceTree = "<group>"; };
		E180638E15360BAD00460F8B /* main_tab_bar_btn_user_hl@2x.png */ = {isa = PBXFileReference; lastKnownFileType = image.png; path = "main_tab_bar_btn_user_hl@2x.png"; sourceTree = "<group>"; };
		E191772A15078188009FB941 /* MainViewController.h */ = {isa = PBXFileReference; fileEncoding = 4; lastKnownFileType = sourcecode.c.h; name = MainViewController.h; path = Classes/MainViewController.h; sourceTree = "<group>"; };
		E191772B15078188009FB941 /* MainViewController.m */ = {isa = PBXFileReference; fileEncoding = 4; lastKnownFileType = sourcecode.c.objc; name = MainViewController.m; path = Classes/MainViewController.m; sourceTree = "<group>"; };
		E191772C15078188009FB941 /* MainViewController.xib */ = {isa = PBXFileReference; fileEncoding = 4; lastKnownFileType = file.xib; name = MainViewController.xib; path = Classes/MainViewController.xib; sourceTree = "<group>"; };
		E1917730150783C4009FB941 /* user_info_default_image.png */ = {isa = PBXFileReference; lastKnownFileType = image.png; path = user_info_default_image.png; sourceTree = "<group>"; };
		E1917733150785ED009FB941 /* MainWindow.xib */ = {isa = PBXFileReference; fileEncoding = 4; lastKnownFileType = file.xib; path = MainWindow.xib; sourceTree = "<group>"; };
		E191773515078609009FB941 /* RootViewController.xib */ = {isa = PBXFileReference; fileEncoding = 4; lastKnownFileType = file.xib; path = RootViewController.xib; sourceTree = "<group>"; };
		E1AE08841531826F006964B8 /* ScheduleViewController.h */ = {isa = PBXFileReference; fileEncoding = 4; lastKnownFileType = sourcecode.c.h; name = ScheduleViewController.h; path = Classes/ScheduleViewController.h; sourceTree = "<group>"; };
		E1AE08851531826F006964B8 /* ScheduleViewController.m */ = {isa = PBXFileReference; fileEncoding = 4; lastKnownFileType = sourcecode.c.objc; name = ScheduleViewController.m; path = Classes/ScheduleViewController.m; sourceTree = "<group>"; };
		E1AE08861531826F006964B8 /* ScheduleViewController.xib */ = {isa = PBXFileReference; fileEncoding = 4; lastKnownFileType = file.xib; name = ScheduleViewController.xib; path = Classes/ScheduleViewController.xib; sourceTree = "<group>"; };
		E1B0BC411507D27B0085D9AB /* Icon.png */ = {isa = PBXFileReference; lastKnownFileType = image.png; name = Icon.png; path = ../../Icon.png; sourceTree = "<group>"; };
		E1B0BC441507D27D0085D9AB /* Icon@2x.png */ = {isa = PBXFileReference; lastKnownFileType = image.png; name = "Icon@2x.png"; path = "../../Icon@2x.png"; sourceTree = "<group>"; };
		E1C877491505F41700592954 /* WeTongji.app */ = {isa = PBXFileReference; explicitFileType = wrapper.application; includeInIndex = 0; path = WeTongji.app; sourceTree = BUILT_PRODUCTS_DIR; };
		E1C8774D1505F41700592954 /* UIKit.framework */ = {isa = PBXFileReference; lastKnownFileType = wrapper.framework; name = UIKit.framework; path = System/Library/Frameworks/UIKit.framework; sourceTree = SDKROOT; };
		E1C8774F1505F41700592954 /* Foundation.framework */ = {isa = PBXFileReference; lastKnownFileType = wrapper.framework; name = Foundation.framework; path = System/Library/Frameworks/Foundation.framework; sourceTree = SDKROOT; };
		E1C877511505F41700592954 /* CoreGraphics.framework */ = {isa = PBXFileReference; lastKnownFileType = wrapper.framework; name = CoreGraphics.framework; path = System/Library/Frameworks/CoreGraphics.framework; sourceTree = SDKROOT; };
		E1C877531505F41700592954 /* CoreData.framework */ = {isa = PBXFileReference; lastKnownFileType = wrapper.framework; name = CoreData.framework; path = System/Library/Frameworks/CoreData.framework; sourceTree = SDKROOT; };
		E1C877571505F41700592954 /* WeTongji-Info.plist */ = {isa = PBXFileReference; lastKnownFileType = text.plist.xml; path = "WeTongji-Info.plist"; sourceTree = "<group>"; };
		E1C877591505F41700592954 /* en */ = {isa = PBXFileReference; lastKnownFileType = text.plist.strings; name = en; path = en.lproj/InfoPlist.strings; sourceTree = "<group>"; };
		E1C8775B1505F41700592954 /* main.m */ = {isa = PBXFileReference; lastKnownFileType = sourcecode.c.objc; path = main.m; sourceTree = "<group>"; };
		E1C8775D1505F41700592954 /* WeTongji-Prefix.pch */ = {isa = PBXFileReference; lastKnownFileType = sourcecode.c.h; path = "WeTongji-Prefix.pch"; sourceTree = "<group>"; };
		E1C8775E1505F41700592954 /* AppDelegate.h */ = {isa = PBXFileReference; lastKnownFileType = sourcecode.c.h; path = AppDelegate.h; sourceTree = "<group>"; };
		E1C8775F1505F41700592954 /* AppDelegate.m */ = {isa = PBXFileReference; lastKnownFileType = sourcecode.c.objc; path = AppDelegate.m; sourceTree = "<group>"; };
		E1C877621505F41700592954 /* WeTongji.xcdatamodel */ = {isa = PBXFileReference; lastKnownFileType = wrapper.xcdatamodel; path = WeTongji.xcdatamodel; sourceTree = "<group>"; };
		E1C877A31505FB4800592954 /* RootViewController.h */ = {isa = PBXFileReference; fileEncoding = 4; lastKnownFileType = sourcecode.c.h; name = RootViewController.h; path = Classes/RootViewController.h; sourceTree = "<group>"; };
		E1C877A41505FB4800592954 /* RootViewController.m */ = {isa = PBXFileReference; fileEncoding = 4; lastKnownFileType = sourcecode.c.objc; name = RootViewController.m; path = Classes/RootViewController.m; sourceTree = "<group>"; };
		E1C877B315063FCD00592954 /* MetroViewController.h */ = {isa = PBXFileReference; fileEncoding = 4; lastKnownFileType = sourcecode.c.h; name = MetroViewController.h; path = Classes/MetroViewController.h; sourceTree = "<group>"; };
		E1C877B415063FCD00592954 /* MetroViewController.m */ = {isa = PBXFileReference; fileEncoding = 4; lastKnownFileType = sourcecode.c.objc; name = MetroViewController.m; path = Classes/MetroViewController.m; sourceTree = "<group>"; };
		E1C877BC15064B4900592954 /* MetroViewController.xib */ = {isa = PBXFileReference; fileEncoding = 4; lastKnownFileType = file.xib; name = MetroViewController.xib; path = Classes/MetroViewController.xib; sourceTree = "<group>"; };
		E1C877C515064BA500592954 /* Default.png */ = {isa = PBXFileReference; lastKnownFileType = image.png; path = Default.png; sourceTree = "<group>"; };
		E1C877C615064BA500592954 /* Default@2x.png */ = {isa = PBXFileReference; lastKnownFileType = image.png; path = "Default@2x.png"; sourceTree = "<group>"; };
		E1DEA595150E262D003F51B5 /* dock_bg@2x.png */ = {isa = PBXFileReference; lastKnownFileType = image.png; path = "dock_bg@2x.png"; sourceTree = "<group>"; };
		E1DEA596150E262D003F51B5 /* dock_btn_cover@2x.png */ = {isa = PBXFileReference; lastKnownFileType = image.png; path = "dock_btn_cover@2x.png"; sourceTree = "<group>"; };
		E1DF6F9215376124001C60EA /* paper_footer@2x.png */ = {isa = PBXFileReference; lastKnownFileType = image.png; path = "paper_footer@2x.png"; sourceTree = "<group>"; };
		E1DF6F9315376124001C60EA /* paper_header@2x.png */ = {isa = PBXFileReference; lastKnownFileType = image.png; path = "paper_header@2x.png"; sourceTree = "<group>"; };
		E1DF6F9415376124001C60EA /* paper_main@2x.png */ = {isa = PBXFileReference; lastKnownFileType = image.png; path = "paper_main@2x.png"; sourceTree = "<group>"; };
		E1DF6F9B153761A0001C60EA /* UserInfoTableViewController.h */ = {isa = PBXFileReference; fileEncoding = 4; lastKnownFileType = sourcecode.c.h; name = UserInfoTableViewController.h; path = Classes/UserInfoTableViewController.h; sourceTree = "<group>"; };
		E1DF6F9C153761A0001C60EA /* UserInfoTableViewController.m */ = {isa = PBXFileReference; fileEncoding = 4; lastKnownFileType = sourcecode.c.objc; name = UserInfoTableViewController.m; path = Classes/UserInfoTableViewController.m; sourceTree = "<group>"; };
		E1DF6F9D153761A0001C60EA /* UserInfoTableViewController.xib */ = {isa = PBXFileReference; fileEncoding = 4; lastKnownFileType = file.xib; name = UserInfoTableViewController.xib; path = Classes/UserInfoTableViewController.xib; sourceTree = "<group>"; };
		E1DF6FA4153762FF001C60EA /* UserInfoTableViewCell.h */ = {isa = PBXFileReference; fileEncoding = 4; lastKnownFileType = sourcecode.c.h; name = UserInfoTableViewCell.h; path = Classes/UserInfoTableViewCell.h; sourceTree = "<group>"; };
		E1DF6FA5153762FF001C60EA /* UserInfoTableViewCell.m */ = {isa = PBXFileReference; fileEncoding = 4; lastKnownFileType = sourcecode.c.objc; name = UserInfoTableViewCell.m; path = Classes/UserInfoTableViewCell.m; sourceTree = "<group>"; };
		E1DF6FA615376300001C60EA /* UserInfoTableViewCell.xib */ = {isa = PBXFileReference; fileEncoding = 4; lastKnownFileType = file.xib; name = UserInfoTableViewCell.xib; path = Classes/UserInfoTableViewCell.xib; sourceTree = "<group>"; };
		E1DF6FA91537642F001C60EA /* paper_footer.png */ = {isa = PBXFileReference; lastKnownFileType = image.png; path = paper_footer.png; sourceTree = "<group>"; };
		E1DF6FAA1537642F001C60EA /* paper_header.png */ = {isa = PBXFileReference; lastKnownFileType = image.png; path = paper_header.png; sourceTree = "<group>"; };
		E1DF6FAB1537642F001C60EA /* paper_main.png */ = {isa = PBXFileReference; lastKnownFileType = image.png; path = paper_main.png; sourceTree = "<group>"; };
		E1DF6FAF1537EA0F001C60EA /* main_bg_header_cover@2x.png */ = {isa = PBXFileReference; lastKnownFileType = image.png; path = "main_bg_header_cover@2x.png"; sourceTree = "<group>"; };
		E1DF6FB11537EAE7001C60EA /* main_bg_header_cover.png */ = {isa = PBXFileReference; lastKnownFileType = image.png; path = main_bg_header_cover.png; sourceTree = "<group>"; };
		E1DF6FC8153985C1001C60EA /* main_tab_bar_bg.png */ = {isa = PBXFileReference; lastKnownFileType = image.png; path = main_tab_bar_bg.png; sourceTree = "<group>"; };
		E1DF6FC9153985C1001C60EA /* main_tab_bar_bg@2x.png */ = {isa = PBXFileReference; lastKnownFileType = image.png; path = "main_tab_bar_bg@2x.png"; sourceTree = "<group>"; };
		E1DF6FD415398BC8001C60EA /* ToDoListTableViewController.h */ = {isa = PBXFileReference; lastKnownFileType = sourcecode.c.h; name = ToDoListTableViewController.h; path = Classes/ToDoListTableViewController.h; sourceTree = "<group>"; };
		E1DF6FD515398BC9001C60EA /* ToDoListTableViewController.m */ = {isa = PBXFileReference; lastKnownFileType = sourcecode.c.objc; name = ToDoListTableViewController.m; path = Classes/ToDoListTableViewController.m; sourceTree = "<group>"; };
		E1DF6FD615398BCA001C60EA /* ToDoListTableViewController.xib */ = {isa = PBXFileReference; lastKnownFileType = file.xib; name = ToDoListTableViewController.xib; path = Classes/ToDoListTableViewController.xib; sourceTree = "<group>"; };
		E1DF6FD715398C82001C60EA /* AbstractMainTableViewController.h */ = {isa = PBXFileReference; fileEncoding = 4; lastKnownFileType = sourcecode.c.h; name = AbstractMainTableViewController.h; path = Classes/AbstractMainTableViewController.h; sourceTree = "<group>"; };
		E1DF6FD815398C84001C60EA /* AbstractMainTableViewController.m */ = {isa = PBXFileReference; fileEncoding = 4; lastKnownFileType = sourcecode.c.objc; name = AbstractMainTableViewController.m; path = Classes/AbstractMainTableViewController.m; sourceTree = "<group>"; };
		E1DF6FDA15398C99001C60EA /* ToDoListTableViewCell.h */ = {isa = PBXFileReference; lastKnownFileType = sourcecode.c.h; name = ToDoListTableViewCell.h; path = Classes/ToDoListTableViewCell.h; sourceTree = "<group>"; };
		E1DF6FDB15398C9A001C60EA /* ToDoListTableViewCell.m */ = {isa = PBXFileReference; lastKnownFileType = sourcecode.c.objc; name = ToDoListTableViewCell.m; path = Classes/ToDoListTableViewCell.m; sourceTree = "<group>"; };
		E1DF6FDC15398C9B001C60EA /* ToDoListTableViewCell.xib */ = {isa = PBXFileReference; lastKnownFileType = file.xib; name = ToDoListTableViewCell.xib; path = Classes/ToDoListTableViewCell.xib; sourceTree = "<group>"; };
		E1DF6FE81539986D001C60EA /* to_do_list_point_blue.png */ = {isa = PBXFileReference; lastKnownFileType = image.png; path = to_do_list_point_blue.png; sourceTree = "<group>"; };
		E1DF6FE91539986D001C60EA /* to_do_list_point_blue@2x.png */ = {isa = PBXFileReference; lastKnownFileType = image.png; path = "to_do_list_point_blue@2x.png"; sourceTree = "<group>"; };
		E1DF6FEA1539986D001C60EA /* to_do_list_point_green.png */ = {isa = PBXFileReference; lastKnownFileType = image.png; path = to_do_list_point_green.png; sourceTree = "<group>"; };
		E1DF6FEB1539986D001C60EA /* to_do_list_point_green@2x.png */ = {isa = PBXFileReference; lastKnownFileType = image.png; path = "to_do_list_point_green@2x.png"; sourceTree = "<group>"; };
/* End PBXFileReference section */

/* Begin PBXFrameworksBuildPhase section */
		E1C877461505F41700592954 /* Frameworks */ = {
			isa = PBXFrameworksBuildPhase;
			buildActionMask = 2147483647;
			files = (
				E1C8774E1505F41700592954 /* UIKit.framework in Frameworks */,
				E1C877501505F41700592954 /* Foundation.framework in Frameworks */,
				E1C877521505F41700592954 /* CoreGraphics.framework in Frameworks */,
				E1C877541505F41700592954 /* CoreData.framework in Frameworks */,
			);
			runOnlyForDeploymentPostprocessing = 0;
		};
/* End PBXFrameworksBuildPhase section */

/* Begin PBXGroup section */
		E10A16631536171700700A0E /* main */ = {
			isa = PBXGroup;
			children = (
				E1DF6FB11537EAE7001C60EA /* main_bg_header_cover.png */,
				E1DF6FAF1537EA0F001C60EA /* main_bg_header_cover@2x.png */,
				E10A16921536182600700A0E /* main_bg.png */,
				E1498334153555F000734341 /* main_bg@2x.png */,
				E10A1677153617E300700A0E /* main_tab_bar_btn_check.png */,
				E180638915360BAD00460F8B /* main_tab_bar_btn_check@2x.png */,
				E10A1676153617E300700A0E /* main_tab_bar_btn_check_hl.png */,
				E180638C15360BAD00460F8B /* main_tab_bar_btn_check_hl@2x.png */,
				E10A1679153617E300700A0E /* main_tab_bar_btn_setting.png */,
				E180638A15360BAD00460F8B /* main_tab_bar_btn_setting@2x.png */,
				E10A1678153617E300700A0E /* main_tab_bar_btn_setting_hl.png */,
				E180638B15360BAD00460F8B /* main_tab_bar_btn_setting_hl@2x.png */,
				E10A167B153617E300700A0E /* main_tab_bar_btn_user.png */,
				E180638D15360BAD00460F8B /* main_tab_bar_btn_user@2x.png */,
				E10A167A153617E300700A0E /* main_tab_bar_btn_user_hl.png */,
				E180638E15360BAD00460F8B /* main_tab_bar_btn_user_hl@2x.png */,
				E1DF6FC8153985C1001C60EA /* main_tab_bar_bg.png */,
				E1DF6FC9153985C1001C60EA /* main_tab_bar_bg@2x.png */,
			);
			name = main;
			sourceTree = "<group>";
		};
		E10A16651536172400700A0E /* nav */ = {
			isa = PBXGroup;
			children = (
				E14983301534C22900734341 /* navigation_bar_bg.png */,
				E149832B1534BA1800734341 /* navigation_bar_bg@2x.png */,
				E10A167C153617E300700A0E /* navigation_bar_logo.png */,
				E14983321534C38400734341 /* navigation_bar_logo@2x.png */,
			);
			name = nav;
			sourceTree = "<group>";
		};
		E10A16661536173E00700A0E /* icon */ = {
			isa = PBXGroup;
			children = (
				E1B0BC441507D27D0085D9AB /* Icon@2x.png */,
				E1B0BC411507D27B0085D9AB /* Icon.png */,
			);
			name = icon;
			sourceTree = "<group>";
		};
		E10A16671536175100700A0E /* default */ = {
			isa = PBXGroup;
			children = (
				E1C877C515064BA500592954 /* Default.png */,
				E1C877C615064BA500592954 /* Default@2x.png */,
			);
			name = default;
			sourceTree = "<group>";
		};
		E149831715346C0000734341 /* Categories */ = {
			isa = PBXGroup;
			children = (
				E149831815346C2A00734341 /* UIView+Addition.h */,
				E149831915346C2A00734341 /* UIView+Addition.m */,
			);
			name = Categories;
			sourceTree = "<group>";
		};
		E1917732150783C9009FB941 /* user_info */ = {
			isa = PBXGroup;
			children = (
				E1917730150783C4009FB941 /* user_info_default_image.png */,
			);
			name = user_info;
			sourceTree = "<group>";
		};
		E1C8773E1505F41700592954 = {
			isa = PBXGroup;
			children = (
				E1C877551505F41700592954 /* WeTongji */,
				E1C8774C1505F41700592954 /* Frameworks */,
				E1C8774A1505F41700592954 /* Products */,
				E1C877BE15064B6300592954 /* Resources */,
			);
			sourceTree = "<group>";
		};
		E1C8774A1505F41700592954 /* Products */ = {
			isa = PBXGroup;
			children = (
				E1C877491505F41700592954 /* WeTongji.app */,
			);
			name = Products;
			sourceTree = "<group>";
		};
		E1C8774C1505F41700592954 /* Frameworks */ = {
			isa = PBXGroup;
			children = (
				E1C8774D1505F41700592954 /* UIKit.framework */,
				E1C8774F1505F41700592954 /* Foundation.framework */,
				E1C877511505F41700592954 /* CoreGraphics.framework */,
				E1C877531505F41700592954 /* CoreData.framework */,
			);
			name = Frameworks;
			sourceTree = "<group>";
		};
		E1C877551505F41700592954 /* WeTongji */ = {
			isa = PBXGroup;
			children = (
				E1917733150785ED009FB941 /* MainWindow.xib */,
				E1C8775E1505F41700592954 /* AppDelegate.h */,
				E1C8775F1505F41700592954 /* AppDelegate.m */,
				E1C877611505F41700592954 /* WeTongji.xcdatamodeld */,
				E1C877A61505FB5600592954 /* Classes */,
				E1C877561505F41700592954 /* Supporting Files */,
			);
			path = WeTongji;
			sourceTree = "<group>";
		};
		E1C877561505F41700592954 /* Supporting Files */ = {
			isa = PBXGroup;
			children = (
				E1C877571505F41700592954 /* WeTongji-Info.plist */,
				E1C877581505F41700592954 /* InfoPlist.strings */,
				E1C8775B1505F41700592954 /* main.m */,
				E1C8775D1505F41700592954 /* WeTongji-Prefix.pch */,
			);
			name = "Supporting Files";
			sourceTree = "<group>";
		};
		E1C877A61505FB5600592954 /* Classes */ = {
			isa = PBXGroup;
			children = (
				E1DF6F9A1537615B001C60EA /* Accessories */,
				E1DF6F9915376145001C60EA /* Tools */,
				E1DF6F981537612E001C60EA /* ViewControllers */,
				E149831715346C0000734341 /* Categories */,
			);
			name = Classes;
			sourceTree = "<group>";
		};
		E1C877BE15064B6300592954 /* Resources */ = {
			isa = PBXGroup;
			children = (
				E1DF6F901537610F001C60EA /* paper */,
				E10A16671536175100700A0E /* default */,
				E10A16661536173E00700A0E /* icon */,
				E10A16651536172400700A0E /* nav */,
				E10A16631536171700700A0E /* main */,
				E1DEA593150E261B003F51B5 /* dock */,
				E1917732150783C9009FB941 /* user_info */,
			);
			name = Resources;
			path = WeTongji/Resources;
			sourceTree = "<group>";
		};
		E1DEA593150E261B003F51B5 /* dock */ = {
			isa = PBXGroup;
			children = (
				E10A1668153617E200700A0E /* dock_bg.png */,
				E1DEA595150E262D003F51B5 /* dock_bg@2x.png */,
				E10A166A153617E200700A0E /* dock_btn_channel.png */,
				E149831C15349ED700734341 /* dock_btn_channel@2x.png */,
				E10A1669153617E200700A0E /* dock_btn_channel_hl.png */,
				E149831B15349ED700734341 /* dock_btn_channel_hl@2x.png */,
				E10A166C153617E200700A0E /* dock_btn_circles.png */,
				E149831E15349ED700734341 /* dock_btn_circles@2x.png */,
				E10A166B153617E200700A0E /* dock_btn_circles_hl.png */,
				E149831D15349ED700734341 /* dock_btn_circles_hl@2x.png */,
				E10A166E153617E200700A0E /* dock_btn_collect.png */,
				E149830D15343D4A00734341 /* dock_btn_collect@2x.png */,
				E10A166D153617E200700A0E /* dock_btn_collect_hl.png */,
				E1498315153467CC00734341 /* dock_btn_collect_hl@2x.png */,
				E10A166F153617E200700A0E /* dock_btn_cover.png */,
				E1DEA596150E262D003F51B5 /* dock_btn_cover@2x.png */,
				E10A1671153617E200700A0E /* dock_btn_mail.png */,
				E149830F1534497300734341 /* dock_btn_mail@2x.png */,
				E10A1670153617E200700A0E /* dock_btn_mail_hl.png */,
				E14983131534647D00734341 /* dock_btn_mail_hl@2x.png */,
				E10A1673153617E200700A0E /* dock_btn_news.png */,
				E149832015349ED800734341 /* dock_btn_news@2x.png */,
				E10A1672153617E200700A0E /* dock_btn_news_hl.png */,
				E149831F15349ED800734341 /* dock_btn_news_hl@2x.png */,
				E10A1675153617E200700A0E /* dock_btn_schedule.png */,
				E149832215349ED800734341 /* dock_btn_schedule@2x.png */,
				E10A1674153617E200700A0E /* dock_btn_schedule_hl.png */,
				E149832115349ED800734341 /* dock_btn_schedule_hl@2x.png */,
			);
			name = dock;
			sourceTree = "<group>";
		};
		E1DF6F901537610F001C60EA /* paper */ = {
			isa = PBXGroup;
			children = (
				E1DF6FE81539986D001C60EA /* to_do_list_point_blue.png */,
				E1DF6FE91539986D001C60EA /* to_do_list_point_blue@2x.png */,
				E1DF6FEA1539986D001C60EA /* to_do_list_point_green.png */,
				E1DF6FEB1539986D001C60EA /* to_do_list_point_green@2x.png */,
				E1DF6FA91537642F001C60EA /* paper_footer.png */,
				E1DF6F9215376124001C60EA /* paper_footer@2x.png */,
				E1DF6FAA1537642F001C60EA /* paper_header.png */,
				E1DF6F9315376124001C60EA /* paper_header@2x.png */,
				E1DF6FAB1537642F001C60EA /* paper_main.png */,
				E1DF6F9415376124001C60EA /* paper_main@2x.png */,
			);
			name = paper;
			sourceTree = "<group>";
		};
		E1DF6F981537612E001C60EA /* ViewControllers */ = {
			isa = PBXGroup;
			children = (
				E191772A15078188009FB941 /* MainViewController.h */,
				E191772B15078188009FB941 /* MainViewController.m */,
				E191772C15078188009FB941 /* MainViewController.xib */,
				E1C877B315063FCD00592954 /* MetroViewController.h */,
				E1C877B415063FCD00592954 /* MetroViewController.m */,
				E1C877BC15064B4900592954 /* MetroViewController.xib */,
				E1C877A31505FB4800592954 /* RootViewController.h */,
				E1C877A41505FB4800592954 /* RootViewController.m */,
				E191773515078609009FB941 /* RootViewController.xib */,
				E1AE08841531826F006964B8 /* ScheduleViewController.h */,
				E1AE08851531826F006964B8 /* ScheduleViewController.m */,
				E1AE08861531826F006964B8 /* ScheduleViewController.xib */,
				E1DF6FDA15398C99001C60EA /* ToDoListTableViewCell.h */,
				E1DF6FDB15398C9A001C60EA /* ToDoListTableViewCell.m */,
				E1DF6FDC15398C9B001C60EA /* ToDoListTableViewCell.xib */,
				E1DF6FD415398BC8001C60EA /* ToDoListTableViewController.h */,
				E1DF6FD515398BC9001C60EA /* ToDoListTableViewController.m */,
				E1DF6FD615398BCA001C60EA /* ToDoListTableViewController.xib */,
				E1DF6FA4153762FF001C60EA /* UserInfoTableViewCell.h */,
				E1DF6FA5153762FF001C60EA /* UserInfoTableViewCell.m */,
				E1DF6FA615376300001C60EA /* UserInfoTableViewCell.xib */,
				E1DF6F9B153761A0001C60EA /* UserInfoTableViewController.h */,
				E1DF6F9C153761A0001C60EA /* UserInfoTableViewController.m */,
				E1DF6F9D153761A0001C60EA /* UserInfoTableViewController.xib */,
			);
			name = ViewControllers;
			sourceTree = "<group>";
		};
		E1DF6F9915376145001C60EA /* Tools */ = {
			isa = PBXGroup;
			children = (
				E1DF6FD715398C82001C60EA /* AbstractMainTableViewController.h */,
				E1DF6FD815398C84001C60EA /* AbstractMainTableViewController.m */,
			);
			name = Tools;
			sourceTree = "<group>";
		};
		E1DF6F9A1537615B001C60EA /* Accessories */ = {
			isa = PBXGroup;
			children = (
				E149830915343BCA00734341 /* WTButton.h */,
				E149830A15343BCA00734341 /* WTButton.m */,
				E10A165C15360EC900700A0E /* WTDockButton.h */,
				E10A165D15360EC900700A0E /* WTDockButton.m */,
				E11965471507B2F200AE32E0 /* RootView.h */,
				E11965481507B2F200AE32E0 /* RootView.m */,
			);
			name = Accessories;
			sourceTree = "<group>";
		};
/* End PBXGroup section */

/* Begin PBXNativeTarget section */
		E1C877481505F41700592954 /* WeTongji */ = {
			isa = PBXNativeTarget;
			buildConfigurationList = E1C877661505F41700592954 /* Build configuration list for PBXNativeTarget "WeTongji" */;
			buildPhases = (
				E1C877451505F41700592954 /* Sources */,
				E1C877461505F41700592954 /* Frameworks */,
				E1C877471505F41700592954 /* Resources */,
			);
			buildRules = (
			);
			dependencies = (
			);
			name = WeTongji;
			productName = WeTongji;
			productReference = E1C877491505F41700592954 /* WeTongji.app */;
			productType = "com.apple.product-type.application";
		};
/* End PBXNativeTarget section */

/* Begin PBXProject section */
		E1C877401505F41700592954 /* Project object */ = {
			isa = PBXProject;
			attributes = {
				LastUpgradeCheck = 0430;
			};
			buildConfigurationList = E1C877431505F41700592954 /* Build configuration list for PBXProject "WeTongji" */;
			compatibilityVersion = "Xcode 3.2";
			developmentRegion = English;
			hasScannedForEncodings = 0;
			knownRegions = (
				en,
			);
			mainGroup = E1C8773E1505F41700592954;
			productRefGroup = E1C8774A1505F41700592954 /* Products */;
			projectDirPath = "";
			projectRoot = "";
			targets = (
				E1C877481505F41700592954 /* WeTongji */,
			);
		};
/* End PBXProject section */

/* Begin PBXResourcesBuildPhase section */
		E1C877471505F41700592954 /* Resources */ = {
			isa = PBXResourcesBuildPhase;
			buildActionMask = 2147483647;
			files = (
				E1C8775A1505F41700592954 /* InfoPlist.strings in Resources */,
				E1C877BD15064B4900592954 /* MetroViewController.xib in Resources */,
				E1C877C715064BA500592954 /* Default.png in Resources */,
				E1C877C815064BA500592954 /* Default@2x.png in Resources */,
				E191772E15078188009FB941 /* MainViewController.xib in Resources */,
				E1917731150783C4009FB941 /* user_info_default_image.png in Resources */,
				E1917734150785ED009FB941 /* MainWindow.xib in Resources */,
				E191773615078609009FB941 /* RootViewController.xib in Resources */,
				E1B0BC421507D27B0085D9AB /* Icon.png in Resources */,
				E1B0BC451507D27D0085D9AB /* Icon@2x.png in Resources */,
				E1DEA597150E262D003F51B5 /* dock_bg@2x.png in Resources */,
				E1DEA598150E262D003F51B5 /* dock_btn_cover@2x.png in Resources */,
				E1AE088815318270006964B8 /* ScheduleViewController.xib in Resources */,
				E149830E15343D4A00734341 /* dock_btn_collect@2x.png in Resources */,
				E14983101534497300734341 /* dock_btn_mail@2x.png in Resources */,
				E14983141534647D00734341 /* dock_btn_mail_hl@2x.png in Resources */,
				E1498316153467CC00734341 /* dock_btn_collect_hl@2x.png in Resources */,
				E149832315349ED800734341 /* dock_btn_channel_hl@2x.png in Resources */,
				E149832415349ED800734341 /* dock_btn_channel@2x.png in Resources */,
				E149832515349ED800734341 /* dock_btn_circles_hl@2x.png in Resources */,
				E149832615349ED800734341 /* dock_btn_circles@2x.png in Resources */,
				E149832715349ED800734341 /* dock_btn_news_hl@2x.png in Resources */,
				E149832815349ED800734341 /* dock_btn_news@2x.png in Resources */,
				E149832915349ED800734341 /* dock_btn_schedule_hl@2x.png in Resources */,
				E149832A15349ED800734341 /* dock_btn_schedule@2x.png in Resources */,
				E149832C1534BA1800734341 /* navigation_bar_bg@2x.png in Resources */,
				E14983311534C22900734341 /* navigation_bar_bg.png in Resources */,
				E14983331534C38400734341 /* navigation_bar_logo@2x.png in Resources */,
				E1498335153555F000734341 /* main_bg@2x.png in Resources */,
				E180638F15360BAD00460F8B /* main_tab_bar_btn_check@2x.png in Resources */,
				E180639015360BAD00460F8B /* main_tab_bar_btn_setting@2x.png in Resources */,
				E180639115360BAD00460F8B /* main_tab_bar_btn_setting_hl@2x.png in Resources */,
				E180639215360BAD00460F8B /* main_tab_bar_btn_check_hl@2x.png in Resources */,
				E180639315360BAD00460F8B /* main_tab_bar_btn_user@2x.png in Resources */,
				E180639415360BAD00460F8B /* main_tab_bar_btn_user_hl@2x.png in Resources */,
				E10A167D153617E300700A0E /* dock_bg.png in Resources */,
				E10A167E153617E300700A0E /* dock_btn_channel_hl.png in Resources */,
				E10A167F153617E300700A0E /* dock_btn_channel.png in Resources */,
				E10A1680153617E300700A0E /* dock_btn_circles_hl.png in Resources */,
				E10A1681153617E300700A0E /* dock_btn_circles.png in Resources */,
				E10A1682153617E300700A0E /* dock_btn_collect_hl.png in Resources */,
				E10A1683153617E300700A0E /* dock_btn_collect.png in Resources */,
				E10A1684153617E300700A0E /* dock_btn_cover.png in Resources */,
				E10A1685153617E300700A0E /* dock_btn_mail_hl.png in Resources */,
				E10A1686153617E300700A0E /* dock_btn_mail.png in Resources */,
				E10A1687153617E300700A0E /* dock_btn_news_hl.png in Resources */,
				E10A1688153617E300700A0E /* dock_btn_news.png in Resources */,
				E10A1689153617E300700A0E /* dock_btn_schedule_hl.png in Resources */,
				E10A168A153617E300700A0E /* dock_btn_schedule.png in Resources */,
				E10A168B153617E300700A0E /* main_tab_bar_btn_check_hl.png in Resources */,
				E10A168C153617E300700A0E /* main_tab_bar_btn_check.png in Resources */,
				E10A168D153617E300700A0E /* main_tab_bar_btn_setting_hl.png in Resources */,
				E10A168E153617E300700A0E /* main_tab_bar_btn_setting.png in Resources */,
				E10A168F153617E300700A0E /* main_tab_bar_btn_user_hl.png in Resources */,
				E10A1690153617E300700A0E /* main_tab_bar_btn_user.png in Resources */,
				E10A1691153617E300700A0E /* navigation_bar_logo.png in Resources */,
				E10A16931536182600700A0E /* main_bg.png in Resources */,
				E1DF6F9515376124001C60EA /* paper_footer@2x.png in Resources */,
				E1DF6F9615376124001C60EA /* paper_header@2x.png in Resources */,
				E1DF6F9715376124001C60EA /* paper_main@2x.png in Resources */,
				E1DF6F9F153761A0001C60EA /* UserInfoTableViewController.xib in Resources */,
				E1DF6FA815376300001C60EA /* UserInfoTableViewCell.xib in Resources */,
				E1DF6FAC1537642F001C60EA /* paper_footer.png in Resources */,
				E1DF6FAD1537642F001C60EA /* paper_header.png in Resources */,
				E1DF6FAE1537642F001C60EA /* paper_main.png in Resources */,
				E1DF6FB01537EA0F001C60EA /* main_bg_header_cover@2x.png in Resources */,
				E1DF6FB21537EAE7001C60EA /* main_bg_header_cover.png in Resources */,
				E1DF6FCA153985C1001C60EA /* main_tab_bar_bg.png in Resources */,
				E1DF6FCB153985C1001C60EA /* main_tab_bar_bg@2x.png in Resources */,
				E1DF6FE51539941E001C60EA /* ToDoListTableViewController.xib in Resources */,
				E1DF6FE7153995B9001C60EA /* ToDoListTableViewCell.xib in Resources */,
				E1DF6FEC1539986D001C60EA /* to_do_list_point_blue.png in Resources */,
				E1DF6FED1539986D001C60EA /* to_do_list_point_blue@2x.png in Resources */,
				E1DF6FEE1539986D001C60EA /* to_do_list_point_green.png in Resources */,
				E1DF6FEF1539986D001C60EA /* to_do_list_point_green@2x.png in Resources */,
			);
			runOnlyForDeploymentPostprocessing = 0;
		};
/* End PBXResourcesBuildPhase section */

/* Begin PBXSourcesBuildPhase section */
		E1C877451505F41700592954 /* Sources */ = {
			isa = PBXSourcesBuildPhase;
			buildActionMask = 2147483647;
			files = (
				E1C8775C1505F41700592954 /* main.m in Sources */,
				E1C877601505F41700592954 /* AppDelegate.m in Sources */,
				E1C877631505F41700592954 /* WeTongji.xcdatamodeld in Sources */,
				E1C877A51505FB4800592954 /* RootViewController.m in Sources */,
				E1C877B515063FCD00592954 /* MetroViewController.m in Sources */,
				E191772D15078188009FB941 /* MainViewController.m in Sources */,
				E11965491507B2F200AE32E0 /* RootView.m in Sources */,
				E1AE088715318270006964B8 /* ScheduleViewController.m in Sources */,
				E149830B15343BCB00734341 /* WTButton.m in Sources */,
				E149831A15346C2A00734341 /* UIView+Addition.m in Sources */,
				E10A165E15360ED400700A0E /* WTDockButton.m in Sources */,
				E1DF6F9E153761A0001C60EA /* UserInfoTableViewController.m in Sources */,
				E1DF6FA715376300001C60EA /* UserInfoTableViewCell.m in Sources */,
				E1DF6FD915398C85001C60EA /* AbstractMainTableViewController.m in Sources */,
				E1DF6FE415399417001C60EA /* ToDoListTableViewController.m in Sources */,
				E1DF6FE6153995B4001C60EA /* ToDoListTableViewCell.m in Sources */,
			);
			runOnlyForDeploymentPostprocessing = 0;
		};
/* End PBXSourcesBuildPhase section */

/* Begin PBXVariantGroup section */
		E1C877581505F41700592954 /* InfoPlist.strings */ = {
			isa = PBXVariantGroup;
			children = (
				E1C877591505F41700592954 /* en */,
			);
			name = InfoPlist.strings;
			sourceTree = "<group>";
		};
/* End PBXVariantGroup section */

/* Begin XCBuildConfiguration section */
		E1C877641505F41700592954 /* Debug */ = {
			isa = XCBuildConfiguration;
			buildSettings = {
				ALWAYS_SEARCH_USER_PATHS = NO;
				ARCHS = "$(ARCHS_STANDARD_32_BIT)";
				CLANG_ENABLE_OBJC_ARC = YES;
				"CODE_SIGN_IDENTITY[sdk=iphoneos*]" = "iPhone Developer";
				COPY_PHASE_STRIP = NO;
				GCC_C_LANGUAGE_STANDARD = gnu99;
				GCC_DYNAMIC_NO_PIC = NO;
				GCC_OPTIMIZATION_LEVEL = 0;
				GCC_PREPROCESSOR_DEFINITIONS = (
					"DEBUG=1",
					"$(inherited)",
				);
				GCC_SYMBOLS_PRIVATE_EXTERN = NO;
				GCC_VERSION = com.apple.compilers.llvm.clang.1_0;
				GCC_WARN_ABOUT_RETURN_TYPE = YES;
				GCC_WARN_UNINITIALIZED_AUTOS = YES;
				GCC_WARN_UNUSED_VARIABLE = YES;
				IPHONEOS_DEPLOYMENT_TARGET = 5.0;
				SDKROOT = iphoneos;
			};
			name = Debug;
		};
		E1C877651505F41700592954 /* Release */ = {
			isa = XCBuildConfiguration;
			buildSettings = {
				ALWAYS_SEARCH_USER_PATHS = NO;
				ARCHS = "$(ARCHS_STANDARD_32_BIT)";
				CLANG_ENABLE_OBJC_ARC = YES;
				"CODE_SIGN_IDENTITY[sdk=iphoneos*]" = "iPhone Developer";
				COPY_PHASE_STRIP = YES;
				GCC_C_LANGUAGE_STANDARD = gnu99;
				GCC_VERSION = com.apple.compilers.llvm.clang.1_0;
				GCC_WARN_ABOUT_RETURN_TYPE = YES;
				GCC_WARN_UNINITIALIZED_AUTOS = YES;
				GCC_WARN_UNUSED_VARIABLE = YES;
				IPHONEOS_DEPLOYMENT_TARGET = 5.0;
				OTHER_CFLAGS = "-DNS_BLOCK_ASSERTIONS=1";
				SDKROOT = iphoneos;
				VALIDATE_PRODUCT = YES;
			};
			name = Release;
		};
		E1C877671505F41700592954 /* Debug */ = {
			isa = XCBuildConfiguration;
			buildSettings = {
				GCC_PRECOMPILE_PREFIX_HEADER = YES;
				GCC_PREFIX_HEADER = "WeTongji/WeTongji-Prefix.pch";
				INFOPLIST_FILE = "WeTongji/WeTongji-Info.plist";
				PRODUCT_NAME = "$(TARGET_NAME)";
				STRINGS_FILE_OUTPUT_ENCODING = binary;
				WRAPPER_EXTENSION = app;
			};
			name = Debug;
		};
		E1C877681505F41700592954 /* Release */ = {
			isa = XCBuildConfiguration;
			buildSettings = {
				GCC_PRECOMPILE_PREFIX_HEADER = YES;
				GCC_PREFIX_HEADER = "WeTongji/WeTongji-Prefix.pch";
				INFOPLIST_FILE = "WeTongji/WeTongji-Info.plist";
				PRODUCT_NAME = "$(TARGET_NAME)";
				STRINGS_FILE_OUTPUT_ENCODING = binary;
				WRAPPER_EXTENSION = app;
			};
			name = Release;
		};
/* End XCBuildConfiguration section */

/* Begin XCConfigurationList section */
		E1C877431505F41700592954 /* Build configuration list for PBXProject "WeTongji" */ = {
			isa = XCConfigurationList;
			buildConfigurations = (
				E1C877641505F41700592954 /* Debug */,
				E1C877651505F41700592954 /* Release */,
			);
			defaultConfigurationIsVisible = 0;
			defaultConfigurationName = Release;
		};
		E1C877661505F41700592954 /* Build configuration list for PBXNativeTarget "WeTongji" */ = {
			isa = XCConfigurationList;
			buildConfigurations = (
				E1C877671505F41700592954 /* Debug */,
				E1C877681505F41700592954 /* Release */,
			);
			defaultConfigurationIsVisible = 0;
			defaultConfigurationName = Release;
		};
/* End XCConfigurationList section */

/* Begin XCVersionGroup section */
		E1C877611505F41700592954 /* WeTongji.xcdatamodeld */ = {
			isa = XCVersionGroup;
			children = (
				E1C877621505F41700592954 /* WeTongji.xcdatamodel */,
			);
			currentVersion = E1C877621505F41700592954 /* WeTongji.xcdatamodel */;
			path = WeTongji.xcdatamodeld;
			sourceTree = "<group>";
			versionGroupType = wrapper.xcdatamodel;
		};
/* End XCVersionGroup section */
	};
	rootObject = E1C877401505F41700592954 /* Project object */;
}
